// !$*UTF8*$!
{
	archiveVersion = 1;
	classes = {
	};
	objectVersion = 46;
	objects = {

/* Begin PBXBuildFile section */
		701B66A51D55D9FC0052CA1C /* DataProc.cpp in Sources */ = {isa = PBXBuildFile; fileRef = 701B669F1D55D9FC0052CA1C /* DataProc.cpp */; };
		701B66A71D55D9FC0052CA1C /* FiltUtil.cpp in Sources */ = {isa = PBXBuildFile; fileRef = 701B66A31D55D9FC0052CA1C /* FiltUtil.cpp */; };
		701B66B21D55F0F80052CA1C /* BezierUtil.cpp in Sources */ = {isa = PBXBuildFile; fileRef = 701B66AE1D55F0F80052CA1C /* BezierUtil.cpp */; };
		701B66B31D55F0F80052CA1C /* DrawUtil.cpp in Sources */ = {isa = PBXBuildFile; fileRef = 701B66B01D55F0F80052CA1C /* DrawUtil.cpp */; };
		701B66B61D55F1FE0052CA1C /* MouseCapture.cpp in Sources */ = {isa = PBXBuildFile; fileRef = 701B66B41D55F1FE0052CA1C /* MouseCapture.cpp */; };
		70B8FB011D5AD16400E7AE0B /* main.cpp in Sources */ = {isa = PBXBuildFile; fileRef = 701B66961D55D3300052CA1C /* main.cpp */; };
		70B8FB091D5B5C7300E7AE0B /* FaceSpline.cpp in Sources */ = {isa = PBXBuildFile; fileRef = 70B8FB071D5B5C7300E7AE0B /* FaceSpline.cpp */; };
		70B8FB0C1D5B5F1600E7AE0B /* spline.cpp in Sources */ = {isa = PBXBuildFile; fileRef = 70B8FB0A1D5B5F1600E7AE0B /* spline.cpp */; };
/* End PBXBuildFile section */

/* Begin PBXCopyFilesBuildPhase section */
		701B66911D55D3300052CA1C /* CopyFiles */ = {
			isa = PBXCopyFilesBuildPhase;
			buildActionMask = 2147483647;
			dstPath = /usr/share/man/man1/;
			dstSubfolderSpec = 0;
			files = (
			);
			runOnlyForDeploymentPostprocessing = 1;
		};
/* End PBXCopyFilesBuildPhase section */

/* Begin PBXFileReference section */
		701B66931D55D3300052CA1C /* adjust-asm */ = {isa = PBXFileReference; explicitFileType = "compiled.mach-o.executable"; includeInIndex = 0; path = "adjust-asm"; sourceTree = BUILT_PRODUCTS_DIR; };
		701B66961D55D3300052CA1C /* main.cpp */ = {isa = PBXFileReference; lastKnownFileType = sourcecode.cpp.cpp; path = main.cpp; sourceTree = "<group>"; };
		701B669E1D55D3F30052CA1C /* dataBase.txt */ = {isa = PBXFileReference; fileEncoding = 4; lastKnownFileType = text; path = dataBase.txt; sourceTree = "<group>"; };
		701B669F1D55D9FC0052CA1C /* DataProc.cpp */ = {isa = PBXFileReference; fileEncoding = 4; lastKnownFileType = sourcecode.cpp.cpp; path = DataProc.cpp; sourceTree = "<group>"; };
		701B66A01D55D9FC0052CA1C /* DataProc.h */ = {isa = PBXFileReference; fileEncoding = 4; lastKnownFileType = sourcecode.c.h; path = DataProc.h; sourceTree = "<group>"; };
		701B66A31D55D9FC0052CA1C /* FiltUtil.cpp */ = {isa = PBXFileReference; fileEncoding = 4; lastKnownFileType = sourcecode.cpp.cpp; path = FiltUtil.cpp; sourceTree = "<group>"; };
		701B66A41D55D9FC0052CA1C /* FiltUtil.h */ = {isa = PBXFileReference; fileEncoding = 4; lastKnownFileType = sourcecode.c.h; path = FiltUtil.h; sourceTree = "<group>"; };
		701B66AE1D55F0F80052CA1C /* BezierUtil.cpp */ = {isa = PBXFileReference; fileEncoding = 4; lastKnownFileType = sourcecode.cpp.cpp; path = BezierUtil.cpp; sourceTree = "<group>"; };
		701B66AF1D55F0F80052CA1C /* BezierUtil.h */ = {isa = PBXFileReference; fileEncoding = 4; lastKnownFileType = sourcecode.c.h; path = BezierUtil.h; sourceTree = "<group>"; };
		701B66B01D55F0F80052CA1C /* DrawUtil.cpp */ = {isa = PBXFileReference; fileEncoding = 4; lastKnownFileType = sourcecode.cpp.cpp; path = DrawUtil.cpp; sourceTree = "<group>"; };
		701B66B11D55F0F80052CA1C /* DrawUtil.h */ = {isa = PBXFileReference; fileEncoding = 4; lastKnownFileType = sourcecode.c.h; path = DrawUtil.h; sourceTree = "<group>"; };
		701B66B41D55F1FE0052CA1C /* MouseCapture.cpp */ = {isa = PBXFileReference; fileEncoding = 4; lastKnownFileType = sourcecode.cpp.cpp; path = MouseCapture.cpp; sourceTree = "<group>"; };
		701B66B51D55F1FE0052CA1C /* MouseCapture.h */ = {isa = PBXFileReference; fileEncoding = 4; lastKnownFileType = sourcecode.c.h; path = MouseCapture.h; sourceTree = "<group>"; };
		701B66B71D55FE870052CA1C /* allFaceSvgPoint.txt */ = {isa = PBXFileReference; fileEncoding = 4; lastKnownFileType = text; path = allFaceSvgPoint.txt; sourceTree = "<group>"; };
		701B66B81D5640C20052CA1C /* test.cpp */ = {isa = PBXFileReference; fileEncoding = 4; lastKnownFileType = sourcecode.cpp.cpp; path = test.cpp; sourceTree = "<group>"; };
		70B8FB071D5B5C7300E7AE0B /* FaceSpline.cpp */ = {isa = PBXFileReference; fileEncoding = 4; lastKnownFileType = sourcecode.cpp.cpp; path = FaceSpline.cpp; sourceTree = "<group>"; };
		70B8FB081D5B5C7300E7AE0B /* FaceSpline.h */ = {isa = PBXFileReference; fileEncoding = 4; lastKnownFileType = sourcecode.c.h; path = FaceSpline.h; sourceTree = "<group>"; };
		70B8FB0A1D5B5F1600E7AE0B /* spline.cpp */ = {isa = PBXFileReference; fileEncoding = 4; lastKnownFileType = sourcecode.cpp.cpp; path = spline.cpp; sourceTree = "<group>"; };
		70B8FB0B1D5B5F1600E7AE0B /* spline.h */ = {isa = PBXFileReference; fileEncoding = 4; lastKnownFileType = sourcecode.c.h; path = spline.h; sourceTree = "<group>"; };
/* End PBXFileReference section */

/* Begin PBXFrameworksBuildPhase section */
		701B66901D55D3300052CA1C /* Frameworks */ = {
			isa = PBXFrameworksBuildPhase;
			buildActionMask = 2147483647;
			files = (
			);
			runOnlyForDeploymentPostprocessing = 0;
		};
/* End PBXFrameworksBuildPhase section */

/* Begin PBXGroup section */
		701B668A1D55D3300052CA1C = {
			isa = PBXGroup;
			children = (
				701B66951D55D3300052CA1C /* adjust-asm */,
				701B66941D55D3300052CA1C /* Products */,
			);
			sourceTree = "<group>";
		};
		701B66941D55D3300052CA1C /* Products */ = {
			isa = PBXGroup;
			children = (
				701B66931D55D3300052CA1C /* adjust-asm */,
			);
			name = Products;
			sourceTree = "<group>";
		};
		701B66951D55D3300052CA1C /* adjust-asm */ = {
			isa = PBXGroup;
			children = (
				70B8FB0A1D5B5F1600E7AE0B /* spline.cpp */,
				70B8FB0B1D5B5F1600E7AE0B /* spline.h */,
				701B66B71D55FE870052CA1C /* allFaceSvgPoint.txt */,
				701B66AE1D55F0F80052CA1C /* BezierUtil.cpp */,
				701B66AF1D55F0F80052CA1C /* BezierUtil.h */,
				701B66B01D55F0F80052CA1C /* DrawUtil.cpp */,
				701B66B11D55F0F80052CA1C /* DrawUtil.h */,
				701B669F1D55D9FC0052CA1C /* DataProc.cpp */,
				701B66A01D55D9FC0052CA1C /* DataProc.h */,
				701B66A31D55D9FC0052CA1C /* FiltUtil.cpp */,
				701B66A41D55D9FC0052CA1C /* FiltUtil.h */,
				701B669E1D55D3F30052CA1C /* dataBase.txt */,
				701B66961D55D3300052CA1C /* main.cpp */,
				701B66B41D55F1FE0052CA1C /* MouseCapture.cpp */,
				701B66B51D55F1FE0052CA1C /* MouseCapture.h */,
				701B66B81D5640C20052CA1C /* test.cpp */,
				70B8FB071D5B5C7300E7AE0B /* FaceSpline.cpp */,
				70B8FB081D5B5C7300E7AE0B /* FaceSpline.h */,
			);
			path = "adjust-asm";
			sourceTree = "<group>";
		};
/* End PBXGroup section */

/* Begin PBXNativeTarget section */
		701B66921D55D3300052CA1C /* adjust-asm */ = {
			isa = PBXNativeTarget;
			buildConfigurationList = 701B669A1D55D3300052CA1C /* Build configuration list for PBXNativeTarget "adjust-asm" */;
			buildPhases = (
				701B668F1D55D3300052CA1C /* Sources */,
				701B66901D55D3300052CA1C /* Frameworks */,
				701B66911D55D3300052CA1C /* CopyFiles */,
			);
			buildRules = (
			);
			dependencies = (
			);
			name = "adjust-asm";
			productName = "adjust-asm";
			productReference = 701B66931D55D3300052CA1C /* adjust-asm */;
			productType = "com.apple.product-type.tool";
		};
/* End PBXNativeTarget section */

/* Begin PBXProject section */
		701B668B1D55D3300052CA1C /* Project object */ = {
			isa = PBXProject;
			attributes = {
				LastUpgradeCheck = 0610;
				ORGANIZATIONNAME = xyz;
				TargetAttributes = {
					701B66921D55D3300052CA1C = {
						CreatedOnToolsVersion = 6.1.1;
					};
				};
			};
			buildConfigurationList = 701B668E1D55D3300052CA1C /* Build configuration list for PBXProject "adjust-asm" */;
			compatibilityVersion = "Xcode 3.2";
			developmentRegion = English;
			hasScannedForEncodings = 0;
			knownRegions = (
				en,
			);
			mainGroup = 701B668A1D55D3300052CA1C;
			productRefGroup = 701B66941D55D3300052CA1C /* Products */;
			projectDirPath = "";
			projectRoot = "";
			targets = (
				701B66921D55D3300052CA1C /* adjust-asm */,
			);
		};
/* End PBXProject section */

/* Begin PBXSourcesBuildPhase section */
		701B668F1D55D3300052CA1C /* Sources */ = {
			isa = PBXSourcesBuildPhase;
			buildActionMask = 2147483647;
			files = (
				70B8FB011D5AD16400E7AE0B /* main.cpp in Sources */,
				701B66B31D55F0F80052CA1C /* DrawUtil.cpp in Sources */,
				701B66A71D55D9FC0052CA1C /* FiltUtil.cpp in Sources */,
				70B8FB091D5B5C7300E7AE0B /* FaceSpline.cpp in Sources */,
				701B66B21D55F0F80052CA1C /* BezierUtil.cpp in Sources */,
				701B66B61D55F1FE0052CA1C /* MouseCapture.cpp in Sources */,
				70B8FB0C1D5B5F1600E7AE0B /* spline.cpp in Sources */,
				701B66A51D55D9FC0052CA1C /* DataProc.cpp in Sources */,
			);
			runOnlyForDeploymentPostprocessing = 0;
		};
/* End PBXSourcesBuildPhase section */

/* Begin XCBuildConfiguration section */
		701B66981D55D3300052CA1C /* Debug */ = {
			isa = XCBuildConfiguration;
			buildSettings = {
				ALWAYS_SEARCH_USER_PATHS = NO;
				CLANG_CXX_LANGUAGE_STANDARD = "gnu++0x";
				CLANG_CXX_LIBRARY = "libc++";
				CLANG_ENABLE_MODULES = YES;
				CLANG_ENABLE_OBJC_ARC = YES;
				CLANG_WARN_BOOL_CONVERSION = YES;
				CLANG_WARN_CONSTANT_CONVERSION = YES;
				CLANG_WARN_DIRECT_OBJC_ISA_USAGE = YES_ERROR;
				CLANG_WARN_EMPTY_BODY = YES;
				CLANG_WARN_ENUM_CONVERSION = YES;
				CLANG_WARN_INT_CONVERSION = YES;
				CLANG_WARN_OBJC_ROOT_CLASS = YES_ERROR;
				CLANG_WARN_UNREACHABLE_CODE = YES;
				CLANG_WARN__DUPLICATE_METHOD_MATCH = YES;
				COPY_PHASE_STRIP = NO;
				ENABLE_STRICT_OBJC_MSGSEND = YES;
				GCC_C_LANGUAGE_STANDARD = gnu99;
				GCC_DYNAMIC_NO_PIC = NO;
				GCC_OPTIMIZATION_LEVEL = 0;
				GCC_PREPROCESSOR_DEFINITIONS = (
					"DEBUG=1",
					"$(inherited)",
				);
				GCC_SYMBOLS_PRIVATE_EXTERN = NO;
				GCC_WARN_64_TO_32_BIT_CONVERSION = YES;
				GCC_WARN_ABOUT_RETURN_TYPE = YES_ERROR;
				GCC_WARN_UNDECLARED_SELECTOR = YES;
				GCC_WARN_UNINITIALIZED_AUTOS = YES_AGGRESSIVE;
				GCC_WARN_UNUSED_FUNCTION = YES;
				GCC_WARN_UNUSED_VARIABLE = YES;
				MACOSX_DEPLOYMENT_TARGET = 10.10;
				MTL_ENABLE_DEBUG_INFO = YES;
				ONLY_ACTIVE_ARCH = YES;
				SDKROOT = macosx;
			};
			name = Debug;
		};
		701B66991D55D3300052CA1C /* Release */ = {
			isa = XCBuildConfiguration;
			buildSettings = {
				ALWAYS_SEARCH_USER_PATHS = NO;
				CLANG_CXX_LANGUAGE_STANDARD = "gnu++0x";
				CLANG_CXX_LIBRARY = "libc++";
				CLANG_ENABLE_MODULES = YES;
				CLANG_ENABLE_OBJC_ARC = YES;
				CLANG_WARN_BOOL_CONVERSION = YES;
				CLANG_WARN_CONSTANT_CONVERSION = YES;
				CLANG_WARN_DIRECT_OBJC_ISA_USAGE = YES_ERROR;
				CLANG_WARN_EMPTY_BODY = YES;
				CLANG_WARN_ENUM_CONVERSION = YES;
				CLANG_WARN_INT_CONVERSION = YES;
				CLANG_WARN_OBJC_ROOT_CLASS = YES_ERROR;
				CLANG_WARN_UNREACHABLE_CODE = YES;
				CLANG_WARN__DUPLICATE_METHOD_MATCH = YES;
				COPY_PHASE_STRIP = YES;
				DEBUG_INFORMATION_FORMAT = "dwarf-with-dsym";
				ENABLE_NS_ASSERTIONS = NO;
				ENABLE_STRICT_OBJC_MSGSEND = YES;
				GCC_C_LANGUAGE_STANDARD = gnu99;
				GCC_WARN_64_TO_32_BIT_CONVERSION = YES;
				GCC_WARN_ABOUT_RETURN_TYPE = YES_ERROR;
				GCC_WARN_UNDECLARED_SELECTOR = YES;
				GCC_WARN_UNINITIALIZED_AUTOS = YES_AGGRESSIVE;
				GCC_WARN_UNUSED_FUNCTION = YES;
				GCC_WARN_UNUSED_VARIABLE = YES;
				MACOSX_DEPLOYMENT_TARGET = 10.10;
				MTL_ENABLE_DEBUG_INFO = NO;
				SDKROOT = macosx;
			};
			name = Release;
		};
		701B669B1D55D3300052CA1C /* Debug */ = {
			isa = XCBuildConfiguration;
			buildSettings = {
				HEADER_SEARCH_PATHS = (
					"$(inherited)",
					/Applications/Xcode.app/Contents/Developer/Toolchains/XcodeDefault.xctoolchain/usr/include,
					/usr/local/include,
					/usr/X11R6/include,
				);
				LIBRARY_SEARCH_PATHS = /usr/local/lib;
				OTHER_LDFLAGS = (
					"-lopencv_imgproc",
					"-lopencv_highgui",
					"-lopencv_core",
				);
				PRODUCT_NAME = "$(TARGET_NAME)";
			};
			name = Debug;
		};
		701B669C1D55D3300052CA1C /* Release */ = {
			isa = XCBuildConfiguration;
			buildSettings = {
				HEADER_SEARCH_PATHS = (
					"$(inherited)",
					/Applications/Xcode.app/Contents/Developer/Toolchains/XcodeDefault.xctoolchain/usr/include,
					/usr/local/include,
					/usr/X11R6/include,
				);
				LIBRARY_SEARCH_PATHS = /usr/local/lib;
				OTHER_LDFLAGS = (
					"-lopencv_imgproc",
					"-lopencv_highgui",
					"-lopencv_core",
				);
				PRODUCT_NAME = "$(TARGET_NAME)";
			};
			name = Release;
		};
/* End XCBuildConfiguration section */

/* Begin XCConfigurationList section */
		701B668E1D55D3300052CA1C /* Build configuration list for PBXProject "adjust-asm" */ = {
			isa = XCConfigurationList;
			buildConfigurations = (
				701B66981D55D3300052CA1C /* Debug */,
				701B66991D55D3300052CA1C /* Release */,
			);
			defaultConfigurationIsVisible = 0;
			defaultConfigurationName = Release;
		};
		701B669A1D55D3300052CA1C /* Build configuration list for PBXNativeTarget "adjust-asm" */ = {
			isa = XCConfigurationList;
			buildConfigurations = (
				701B669B1D55D3300052CA1C /* Debug */,
				701B669C1D55D3300052CA1C /* Release */,
			);
			defaultConfigurationIsVisible = 0;
			defaultConfigurationName = Release;
		};
/* End XCConfigurationList section */
	};
	rootObject = 701B668B1D55D3300052CA1C /* Project object */;
}
