// !$*UTF8*$!
{
	archiveVersion = 1;
	classes = {
	};
	objectVersion = 46;
	objects = {

/* Begin PBXBuildFile section */
		70973AF61D640EB400FD17B9 /* MouseCapture.cpp in Sources */ = {isa = PBXBuildFile; fileRef = 70973AF41D640EB400FD17B9 /* MouseCapture.cpp */; };
		70B676111D6D8A6500B3BB53 /* HairDetection.cpp in Sources */ = {isa = PBXBuildFile; fileRef = 70CD3C791D65962E001C3296 /* HairDetection.cpp */; };
		70B676131D6DE83C00B3BB53 /* testMeanShift.cpp in Sources */ = {isa = PBXBuildFile; fileRef = 70B676121D6DE83C00B3BB53 /* testMeanShift.cpp */; };
		70CD3C7F1D675E44001C3296 /* FileUtil.cpp in Sources */ = {isa = PBXBuildFile; fileRef = 70CD3C7D1D675E44001C3296 /* FileUtil.cpp */; };
		70CD3C821D675F15001C3296 /* DrawUtl.cpp in Sources */ = {isa = PBXBuildFile; fileRef = 70CD3C801D675F15001C3296 /* DrawUtl.cpp */; };
		70F8B28B1D6C99AB00D40B3B /* Marker.cpp in Sources */ = {isa = PBXBuildFile; fileRef = 70F8B2891D6C99AB00D40B3B /* Marker.cpp */; };
/* End PBXBuildFile section */

/* Begin PBXCopyFilesBuildPhase section */
		70973AE81D640C3D00FD17B9 /* CopyFiles */ = {
			isa = PBXCopyFilesBuildPhase;
			buildActionMask = 2147483647;
			dstPath = /usr/share/man/man1/;
			dstSubfolderSpec = 0;
			files = (
			);
			runOnlyForDeploymentPostprocessing = 1;
		};
/* End PBXCopyFilesBuildPhase section */

/* Begin PBXFileReference section */
		70973AEA1D640C3D00FD17B9 /* grabcut */ = {isa = PBXFileReference; explicitFileType = "compiled.mach-o.executable"; includeInIndex = 0; path = grabcut; sourceTree = BUILT_PRODUCTS_DIR; };
		70973AED1D640C3D00FD17B9 /* main.cpp */ = {isa = PBXFileReference; lastKnownFileType = sourcecode.cpp.cpp; path = main.cpp; sourceTree = "<group>"; };
		70973AF41D640EB400FD17B9 /* MouseCapture.cpp */ = {isa = PBXFileReference; fileEncoding = 4; lastKnownFileType = sourcecode.cpp.cpp; path = MouseCapture.cpp; sourceTree = "<group>"; };
		70973AF51D640EB400FD17B9 /* MouseCapture.h */ = {isa = PBXFileReference; fileEncoding = 4; lastKnownFileType = sourcecode.c.h; path = MouseCapture.h; sourceTree = "<group>"; };
		70B6760D1D6D860900B3BB53 /* HairDetection1.cpp */ = {isa = PBXFileReference; fileEncoding = 4; lastKnownFileType = sourcecode.cpp.cpp; path = HairDetection1.cpp; sourceTree = "<group>"; };
		70B6760E1D6D860900B3BB53 /* HairDetection1.h */ = {isa = PBXFileReference; fileEncoding = 4; lastKnownFileType = sourcecode.c.h; path = HairDetection1.h; sourceTree = "<group>"; };
		70B676121D6DE83C00B3BB53 /* testMeanShift.cpp */ = {isa = PBXFileReference; fileEncoding = 4; lastKnownFileType = sourcecode.cpp.cpp; path = testMeanShift.cpp; sourceTree = "<group>"; };
		70CD3C791D65962E001C3296 /* HairDetection.cpp */ = {isa = PBXFileReference; fileEncoding = 4; lastKnownFileType = sourcecode.cpp.cpp; path = HairDetection.cpp; sourceTree = "<group>"; };
		70CD3C7A1D65962E001C3296 /* HairDetection.h */ = {isa = PBXFileReference; fileEncoding = 4; lastKnownFileType = sourcecode.c.h; path = HairDetection.h; sourceTree = "<group>"; };
		70CD3C7D1D675E44001C3296 /* FileUtil.cpp */ = {isa = PBXFileReference; fileEncoding = 4; lastKnownFileType = sourcecode.cpp.cpp; path = FileUtil.cpp; sourceTree = "<group>"; };
		70CD3C7E1D675E44001C3296 /* FileUtil.h */ = {isa = PBXFileReference; fileEncoding = 4; lastKnownFileType = sourcecode.c.h; path = FileUtil.h; sourceTree = "<group>"; };
		70CD3C801D675F15001C3296 /* DrawUtl.cpp */ = {isa = PBXFileReference; fileEncoding = 4; lastKnownFileType = sourcecode.cpp.cpp; path = DrawUtl.cpp; sourceTree = "<group>"; };
		70CD3C811D675F15001C3296 /* DrawUtl.h */ = {isa = PBXFileReference; fileEncoding = 4; lastKnownFileType = sourcecode.c.h; path = DrawUtl.h; sourceTree = "<group>"; };
		70F7D6321D68894600DFF1A1 /* myGrabCut.cpp */ = {isa = PBXFileReference; fileEncoding = 4; lastKnownFileType = sourcecode.cpp.cpp; path = myGrabCut.cpp; sourceTree = "<group>"; };
		70F8B2791D6C037B00D40B3B /* kmeansAndGrabcutTest.cpp */ = {isa = PBXFileReference; fileEncoding = 4; lastKnownFileType = sourcecode.cpp.cpp; path = kmeansAndGrabcutTest.cpp; sourceTree = "<group>"; };
		70F8B2841D6C96CC00D40B3B /* testGrabcut.cpp */ = {isa = PBXFileReference; fileEncoding = 4; lastKnownFileType = sourcecode.cpp.cpp; path = testGrabcut.cpp; sourceTree = "<group>"; };
		70F8B2891D6C99AB00D40B3B /* Marker.cpp */ = {isa = PBXFileReference; fileEncoding = 4; lastKnownFileType = sourcecode.cpp.cpp; path = Marker.cpp; sourceTree = "<group>"; };
		70F8B28A1D6C99AB00D40B3B /* Marker.h */ = {isa = PBXFileReference; fileEncoding = 4; lastKnownFileType = sourcecode.c.h; path = Marker.h; sourceTree = "<group>"; };
		70F8B28D1D6CB01300D40B3B /* batchtest.cpp */ = {isa = PBXFileReference; fileEncoding = 4; lastKnownFileType = sourcecode.cpp.cpp; path = batchtest.cpp; sourceTree = "<group>"; };
/* End PBXFileReference section */

/* Begin PBXFrameworksBuildPhase section */
		70973AE71D640C3D00FD17B9 /* Frameworks */ = {
			isa = PBXFrameworksBuildPhase;
			buildActionMask = 2147483647;
			files = (
			);
			runOnlyForDeploymentPostprocessing = 0;
		};
/* End PBXFrameworksBuildPhase section */

/* Begin PBXGroup section */
		70973AE11D640C3C00FD17B9 = {
			isa = PBXGroup;
			children = (
				70973AEC1D640C3D00FD17B9 /* grabcut */,
				70973AEB1D640C3D00FD17B9 /* Products */,
			);
			sourceTree = "<group>";
		};
		70973AEB1D640C3D00FD17B9 /* Products */ = {
			isa = PBXGroup;
			children = (
				70973AEA1D640C3D00FD17B9 /* grabcut */,
			);
			name = Products;
			sourceTree = "<group>";
		};
		70973AEC1D640C3D00FD17B9 /* grabcut */ = {
			isa = PBXGroup;
			children = (
				70F7D6321D68894600DFF1A1 /* myGrabCut.cpp */,
				70973AED1D640C3D00FD17B9 /* main.cpp */,
				70973AF41D640EB400FD17B9 /* MouseCapture.cpp */,
				70973AF51D640EB400FD17B9 /* MouseCapture.h */,
				70CD3C791D65962E001C3296 /* HairDetection.cpp */,
				70CD3C7A1D65962E001C3296 /* HairDetection.h */,
				70CD3C7D1D675E44001C3296 /* FileUtil.cpp */,
				70CD3C7E1D675E44001C3296 /* FileUtil.h */,
				70CD3C801D675F15001C3296 /* DrawUtl.cpp */,
				70CD3C811D675F15001C3296 /* DrawUtl.h */,
				70F8B2791D6C037B00D40B3B /* kmeansAndGrabcutTest.cpp */,
				70F8B2841D6C96CC00D40B3B /* testGrabcut.cpp */,
				70F8B2891D6C99AB00D40B3B /* Marker.cpp */,
				70F8B28A1D6C99AB00D40B3B /* Marker.h */,
				70F8B28D1D6CB01300D40B3B /* batchtest.cpp */,
				70B6760D1D6D860900B3BB53 /* HairDetection1.cpp */,
				70B6760E1D6D860900B3BB53 /* HairDetection1.h */,
				70B676121D6DE83C00B3BB53 /* testMeanShift.cpp */,
			);
			path = grabcut;
			sourceTree = "<group>";
		};
/* End PBXGroup section */

/* Begin PBXNativeTarget section */
		70973AE91D640C3D00FD17B9 /* grabcut */ = {
			isa = PBXNativeTarget;
			buildConfigurationList = 70973AF11D640C3D00FD17B9 /* Build configuration list for PBXNativeTarget "grabcut" */;
			buildPhases = (
				70973AE61D640C3D00FD17B9 /* Sources */,
				70973AE71D640C3D00FD17B9 /* Frameworks */,
				70973AE81D640C3D00FD17B9 /* CopyFiles */,
			);
			buildRules = (
			);
			dependencies = (
			);
			name = grabcut;
			productName = grabcut;
			productReference = 70973AEA1D640C3D00FD17B9 /* grabcut */;
			productType = "com.apple.product-type.tool";
		};
/* End PBXNativeTarget section */

/* Begin PBXProject section */
		70973AE21D640C3C00FD17B9 /* Project object */ = {
			isa = PBXProject;
			attributes = {
				LastUpgradeCheck = 0610;
				ORGANIZATIONNAME = xyz;
				TargetAttributes = {
					70973AE91D640C3D00FD17B9 = {
						CreatedOnToolsVersion = 6.1.1;
					};
				};
			};
			buildConfigurationList = 70973AE51D640C3C00FD17B9 /* Build configuration list for PBXProject "grabcut" */;
			compatibilityVersion = "Xcode 3.2";
			developmentRegion = English;
			hasScannedForEncodings = 0;
			knownRegions = (
				en,
			);
			mainGroup = 70973AE11D640C3C00FD17B9;
			productRefGroup = 70973AEB1D640C3D00FD17B9 /* Products */;
			projectDirPath = "";
			projectRoot = "";
			targets = (
				70973AE91D640C3D00FD17B9 /* grabcut */,
			);
		};
/* End PBXProject section */

/* Begin PBXSourcesBuildPhase section */
		70973AE61D640C3D00FD17B9 /* Sources */ = {
			isa = PBXSourcesBuildPhase;
			buildActionMask = 2147483647;
			files = (
				70B676111D6D8A6500B3BB53 /* HairDetection.cpp in Sources */,
				70CD3C821D675F15001C3296 /* DrawUtl.cpp in Sources */,
				70973AF61D640EB400FD17B9 /* MouseCapture.cpp in Sources */,
				70B676131D6DE83C00B3BB53 /* testMeanShift.cpp in Sources */,
				70CD3C7F1D675E44001C3296 /* FileUtil.cpp in Sources */,
				70F8B28B1D6C99AB00D40B3B /* Marker.cpp in Sources */,
			);
			runOnlyForDeploymentPostprocessing = 0;
		};
/* End PBXSourcesBuildPhase section */

/* Begin XCBuildConfiguration section */
		70973AEF1D640C3D00FD17B9 /* Debug */ = {
			isa = XCBuildConfiguration;
			buildSettings = {
				ALWAYS_SEARCH_USER_PATHS = NO;
				CLANG_CXX_LANGUAGE_STANDARD = "gnu++0x";
				CLANG_CXX_LIBRARY = "libc++";
				CLANG_ENABLE_MODULES = YES;
				CLANG_ENABLE_OBJC_ARC = YES;
				CLANG_WARN_BOOL_CONVERSION = YES;
				CLANG_WARN_CONSTANT_CONVERSION = YES;
				CLANG_WARN_DIRECT_OBJC_ISA_USAGE = YES_ERROR;
				CLANG_WARN_EMPTY_BODY = YES;
				CLANG_WARN_ENUM_CONVERSION = YES;
				CLANG_WARN_INT_CONVERSION = YES;
				CLANG_WARN_OBJC_ROOT_CLASS = YES_ERROR;
				CLANG_WARN_UNREACHABLE_CODE = YES;
				CLANG_WARN__DUPLICATE_METHOD_MATCH = YES;
				COPY_PHASE_STRIP = NO;
				ENABLE_STRICT_OBJC_MSGSEND = YES;
				GCC_C_LANGUAGE_STANDARD = gnu99;
				GCC_DYNAMIC_NO_PIC = NO;
				GCC_OPTIMIZATION_LEVEL = 0;
				GCC_PREPROCESSOR_DEFINITIONS = (
					"DEBUG=1",
					"$(inherited)",
				);
				GCC_SYMBOLS_PRIVATE_EXTERN = NO;
				GCC_WARN_64_TO_32_BIT_CONVERSION = YES;
				GCC_WARN_ABOUT_RETURN_TYPE = YES_ERROR;
				GCC_WARN_UNDECLARED_SELECTOR = YES;
				GCC_WARN_UNINITIALIZED_AUTOS = YES_AGGRESSIVE;
				GCC_WARN_UNUSED_FUNCTION = YES;
				GCC_WARN_UNUSED_VARIABLE = YES;
				MACOSX_DEPLOYMENT_TARGET = 10.10;
				MTL_ENABLE_DEBUG_INFO = YES;
				ONLY_ACTIVE_ARCH = YES;
				SDKROOT = macosx;
			};
			name = Debug;
		};
		70973AF01D640C3D00FD17B9 /* Release */ = {
			isa = XCBuildConfiguration;
			buildSettings = {
				ALWAYS_SEARCH_USER_PATHS = NO;
				CLANG_CXX_LANGUAGE_STANDARD = "gnu++0x";
				CLANG_CXX_LIBRARY = "libc++";
				CLANG_ENABLE_MODULES = YES;
				CLANG_ENABLE_OBJC_ARC = YES;
				CLANG_WARN_BOOL_CONVERSION = YES;
				CLANG_WARN_CONSTANT_CONVERSION = YES;
				CLANG_WARN_DIRECT_OBJC_ISA_USAGE = YES_ERROR;
				CLANG_WARN_EMPTY_BODY = YES;
				CLANG_WARN_ENUM_CONVERSION = YES;
				CLANG_WARN_INT_CONVERSION = YES;
				CLANG_WARN_OBJC_ROOT_CLASS = YES_ERROR;
				CLANG_WARN_UNREACHABLE_CODE = YES;
				CLANG_WARN__DUPLICATE_METHOD_MATCH = YES;
				COPY_PHASE_STRIP = YES;
				DEBUG_INFORMATION_FORMAT = "dwarf-with-dsym";
				ENABLE_NS_ASSERTIONS = NO;
				ENABLE_STRICT_OBJC_MSGSEND = YES;
				GCC_C_LANGUAGE_STANDARD = gnu99;
				GCC_WARN_64_TO_32_BIT_CONVERSION = YES;
				GCC_WARN_ABOUT_RETURN_TYPE = YES_ERROR;
				GCC_WARN_UNDECLARED_SELECTOR = YES;
				GCC_WARN_UNINITIALIZED_AUTOS = YES_AGGRESSIVE;
				GCC_WARN_UNUSED_FUNCTION = YES;
				GCC_WARN_UNUSED_VARIABLE = YES;
				MACOSX_DEPLOYMENT_TARGET = 10.10;
				MTL_ENABLE_DEBUG_INFO = NO;
				SDKROOT = macosx;
			};
			name = Release;
		};
		70973AF21D640C3D00FD17B9 /* Debug */ = {
			isa = XCBuildConfiguration;
			buildSettings = {
				HEADER_SEARCH_PATHS = (
					"$(inherited)",
					/Applications/Xcode.app/Contents/Developer/Toolchains/XcodeDefault.xctoolchain/usr/include,
					/usr/local/include,
				);
				LIBRARY_SEARCH_PATHS = /usr/local/lib;
				OTHER_LDFLAGS = (
					"-lopencv_imgproc",
					"-lopencv_highgui",
					"-lopencv_core",
				);
				PRODUCT_NAME = "$(TARGET_NAME)";
			};
			name = Debug;
		};
		70973AF31D640C3D00FD17B9 /* Release */ = {
			isa = XCBuildConfiguration;
			buildSettings = {
				HEADER_SEARCH_PATHS = (
					"$(inherited)",
					/Applications/Xcode.app/Contents/Developer/Toolchains/XcodeDefault.xctoolchain/usr/include,
					/usr/local/include,
				);
				LIBRARY_SEARCH_PATHS = /usr/local/lib;
				OTHER_LDFLAGS = (
					"-lopencv_imgproc",
					"-lopencv_highgui",
					"-lopencv_core",
				);
				PRODUCT_NAME = "$(TARGET_NAME)";
			};
			name = Release;
		};
/* End XCBuildConfiguration section */

/* Begin XCConfigurationList section */
		70973AE51D640C3C00FD17B9 /* Build configuration list for PBXProject "grabcut" */ = {
			isa = XCConfigurationList;
			buildConfigurations = (
				70973AEF1D640C3D00FD17B9 /* Debug */,
				70973AF01D640C3D00FD17B9 /* Release */,
			);
			defaultConfigurationIsVisible = 0;
			defaultConfigurationName = Release;
		};
		70973AF11D640C3D00FD17B9 /* Build configuration list for PBXNativeTarget "grabcut" */ = {
			isa = XCConfigurationList;
			buildConfigurations = (
				70973AF21D640C3D00FD17B9 /* Debug */,
				70973AF31D640C3D00FD17B9 /* Release */,
			);
			defaultConfigurationIsVisible = 0;
			defaultConfigurationName = Release;
		};
/* End XCConfigurationList section */
	};
	rootObject = 70973AE21D640C3C00FD17B9 /* Project object */;
}
