// !$*UTF8*$!
{
	archiveVersion = 1;
	classes = {
	};
	objectVersion = 46;
	objects = {

/* Begin PBXBuildFile section */
		70A26F131D459EA9000D0880 /* AffineTransform.cpp in Sources */ = {isa = PBXBuildFile; fileRef = 70A26F111D459EA9000D0880 /* AffineTransform.cpp */; };
		70A26F161D459EBF000D0880 /* Triangular.cpp in Sources */ = {isa = PBXBuildFile; fileRef = 70A26F141D459EBF000D0880 /* Triangular.cpp */; };
		70A26F191D459ECE000D0880 /* Morphing.cpp in Sources */ = {isa = PBXBuildFile; fileRef = 70A26F171D459ECE000D0880 /* Morphing.cpp */; };
		70A26F1C1D459EE5000D0880 /* BezierUtil.cpp in Sources */ = {isa = PBXBuildFile; fileRef = 70A26F1A1D459EE5000D0880 /* BezierUtil.cpp */; };
		70A2708B1D45A680000D0880 /* DrawUtil.cpp in Sources */ = {isa = PBXBuildFile; fileRef = 70A270891D45A680000D0880 /* DrawUtil.cpp */; };
		70A2708E1D45EA0C000D0880 /* FiltUtil.cpp in Sources */ = {isa = PBXBuildFile; fileRef = 70A2708C1D45EA0C000D0880 /* FiltUtil.cpp */; };
		70A2708F1D45ECF0000D0880 /* main.cpp in Sources */ = {isa = PBXBuildFile; fileRef = 70A26F0A1D459DD1000D0880 /* main.cpp */; };
		70A270921D45EF7D000D0880 /* DataProc.cpp in Sources */ = {isa = PBXBuildFile; fileRef = 70A270901D45EF7D000D0880 /* DataProc.cpp */; };
		70A270951D46553D000D0880 /* SVGWrap.cpp in Sources */ = {isa = PBXBuildFile; fileRef = 70A270931D46553D000D0880 /* SVGWrap.cpp */; };
/* End PBXBuildFile section */

/* Begin PBXCopyFilesBuildPhase section */
		70A26F051D459DD1000D0880 /* CopyFiles */ = {
			isa = PBXCopyFilesBuildPhase;
			buildActionMask = 2147483647;
			dstPath = /usr/share/man/man1/;
			dstSubfolderSpec = 0;
			files = (
			);
			runOnlyForDeploymentPostprocessing = 1;
		};
/* End PBXCopyFilesBuildPhase section */

/* Begin PBXFileReference section */
		70A26F071D459DD1000D0880 /* face1 */ = {isa = PBXFileReference; explicitFileType = "compiled.mach-o.executable"; includeInIndex = 0; path = face1; sourceTree = BUILT_PRODUCTS_DIR; };
		70A26F0A1D459DD1000D0880 /* main.cpp */ = {isa = PBXFileReference; lastKnownFileType = sourcecode.cpp.cpp; path = main.cpp; sourceTree = "<group>"; };
		70A26F111D459EA9000D0880 /* AffineTransform.cpp */ = {isa = PBXFileReference; fileEncoding = 4; lastKnownFileType = sourcecode.cpp.cpp; path = AffineTransform.cpp; sourceTree = "<group>"; };
		70A26F121D459EA9000D0880 /* AffineTransform.h */ = {isa = PBXFileReference; fileEncoding = 4; lastKnownFileType = sourcecode.c.h; path = AffineTransform.h; sourceTree = "<group>"; };
		70A26F141D459EBF000D0880 /* Triangular.cpp */ = {isa = PBXFileReference; fileEncoding = 4; lastKnownFileType = sourcecode.cpp.cpp; path = Triangular.cpp; sourceTree = "<group>"; };
		70A26F151D459EBF000D0880 /* Triangular.h */ = {isa = PBXFileReference; fileEncoding = 4; lastKnownFileType = sourcecode.c.h; path = Triangular.h; sourceTree = "<group>"; };
		70A26F171D459ECE000D0880 /* Morphing.cpp */ = {isa = PBXFileReference; fileEncoding = 4; lastKnownFileType = sourcecode.cpp.cpp; path = Morphing.cpp; sourceTree = "<group>"; };
		70A26F181D459ECE000D0880 /* Morphing.h */ = {isa = PBXFileReference; fileEncoding = 4; lastKnownFileType = sourcecode.c.h; path = Morphing.h; sourceTree = "<group>"; };
		70A26F1A1D459EE5000D0880 /* BezierUtil.cpp */ = {isa = PBXFileReference; fileEncoding = 4; lastKnownFileType = sourcecode.cpp.cpp; path = BezierUtil.cpp; sourceTree = "<group>"; };
		70A26F1B1D459EE5000D0880 /* BezierUtil.h */ = {isa = PBXFileReference; fileEncoding = 4; lastKnownFileType = sourcecode.c.h; path = BezierUtil.h; sourceTree = "<group>"; };
		70A26F1E1D45A01E000D0880 /* Array */ = {isa = PBXFileReference; fileEncoding = 4; lastKnownFileType = text; path = Array; sourceTree = "<group>"; };
		70A26F1F1D45A01E000D0880 /* Cholesky */ = {isa = PBXFileReference; fileEncoding = 4; lastKnownFileType = text; path = Cholesky; sourceTree = "<group>"; };
		70A26F201D45A01E000D0880 /* CholmodSupport */ = {isa = PBXFileReference; fileEncoding = 4; lastKnownFileType = text; path = CholmodSupport; sourceTree = "<group>"; };
		70A26F211D45A01E000D0880 /* CMakeLists.txt */ = {isa = PBXFileReference; fileEncoding = 4; lastKnownFileType = text; path = CMakeLists.txt; sourceTree = "<group>"; };
		70A26F221D45A01E000D0880 /* Core */ = {isa = PBXFileReference; fileEncoding = 4; lastKnownFileType = text; path = Core; sourceTree = "<group>"; };
		70A26F231D45A01E000D0880 /* Dense */ = {isa = PBXFileReference; fileEncoding = 4; lastKnownFileType = text; path = Dense; sourceTree = "<group>"; };
		70A26F241D45A01E000D0880 /* Eigen */ = {isa = PBXFileReference; fileEncoding = 4; lastKnownFileType = text; path = Eigen; sourceTree = "<group>"; };
		70A26F251D45A01E000D0880 /* Eigen2Support */ = {isa = PBXFileReference; fileEncoding = 4; lastKnownFileType = text; path = Eigen2Support; sourceTree = "<group>"; };
		70A26F261D45A01E000D0880 /* Eigenvalues */ = {isa = PBXFileReference; fileEncoding = 4; lastKnownFileType = text; path = Eigenvalues; sourceTree = "<group>"; };
		70A26F271D45A01E000D0880 /* Geometry */ = {isa = PBXFileReference; fileEncoding = 4; lastKnownFileType = text; path = Geometry; sourceTree = "<group>"; };
		70A26F281D45A01E000D0880 /* Householder */ = {isa = PBXFileReference; fileEncoding = 4; lastKnownFileType = text; path = Householder; sourceTree = "<group>"; };
		70A26F291D45A01E000D0880 /* IterativeLinearSolvers */ = {isa = PBXFileReference; fileEncoding = 4; lastKnownFileType = text; path = IterativeLinearSolvers; sourceTree = "<group>"; };
		70A26F2A1D45A01E000D0880 /* Jacobi */ = {isa = PBXFileReference; fileEncoding = 4; lastKnownFileType = text; path = Jacobi; sourceTree = "<group>"; };
		70A26F2B1D45A01E000D0880 /* LeastSquares */ = {isa = PBXFileReference; fileEncoding = 4; lastKnownFileType = text; path = LeastSquares; sourceTree = "<group>"; };
		70A26F2C1D45A01E000D0880 /* LU */ = {isa = PBXFileReference; fileEncoding = 4; lastKnownFileType = text; path = LU; sourceTree = "<group>"; };
		70A26F2D1D45A01E000D0880 /* MetisSupport */ = {isa = PBXFileReference; fileEncoding = 4; lastKnownFileType = text; path = MetisSupport; sourceTree = "<group>"; };
		70A26F2E1D45A01E000D0880 /* OrderingMethods */ = {isa = PBXFileReference; fileEncoding = 4; lastKnownFileType = text; path = OrderingMethods; sourceTree = "<group>"; };
		70A26F2F1D45A01E000D0880 /* PardisoSupport */ = {isa = PBXFileReference; fileEncoding = 4; lastKnownFileType = text; path = PardisoSupport; sourceTree = "<group>"; };
		70A26F301D45A01E000D0880 /* PaStiXSupport */ = {isa = PBXFileReference; fileEncoding = 4; lastKnownFileType = text; path = PaStiXSupport; sourceTree = "<group>"; };
		70A26F311D45A01E000D0880 /* QR */ = {isa = PBXFileReference; fileEncoding = 4; lastKnownFileType = text; path = QR; sourceTree = "<group>"; };
		70A26F321D45A01E000D0880 /* QtAlignedMalloc */ = {isa = PBXFileReference; fileEncoding = 4; lastKnownFileType = text; path = QtAlignedMalloc; sourceTree = "<group>"; };
		70A26F331D45A01E000D0880 /* Sparse */ = {isa = PBXFileReference; fileEncoding = 4; lastKnownFileType = text; path = Sparse; sourceTree = "<group>"; };
		70A26F341D45A01E000D0880 /* SparseCholesky */ = {isa = PBXFileReference; fileEncoding = 4; lastKnownFileType = text; path = SparseCholesky; sourceTree = "<group>"; };
		70A26F351D45A01E000D0880 /* SparseCore */ = {isa = PBXFileReference; fileEncoding = 4; lastKnownFileType = text; path = SparseCore; sourceTree = "<group>"; };
		70A26F361D45A01E000D0880 /* SparseLU */ = {isa = PBXFileReference; fileEncoding = 4; lastKnownFileType = text; path = SparseLU; sourceTree = "<group>"; };
		70A26F371D45A01E000D0880 /* SparseQR */ = {isa = PBXFileReference; fileEncoding = 4; lastKnownFileType = text; path = SparseQR; sourceTree = "<group>"; };
		70A26F381D45A01E000D0880 /* SPQRSupport */ = {isa = PBXFileReference; fileEncoding = 4; lastKnownFileType = text; path = SPQRSupport; sourceTree = "<group>"; };
		70A26F3B1D45A01E000D0880 /* CMakeLists.txt */ = {isa = PBXFileReference; fileEncoding = 4; lastKnownFileType = text; path = CMakeLists.txt; sourceTree = "<group>"; };
		70A26F3C1D45A01E000D0880 /* LDLT.h */ = {isa = PBXFileReference; fileEncoding = 4; lastKnownFileType = sourcecode.c.h; path = LDLT.h; sourceTree = "<group>"; };
		70A26F3D1D45A01E000D0880 /* LLT.h */ = {isa = PBXFileReference; fileEncoding = 4; lastKnownFileType = sourcecode.c.h; path = LLT.h; sourceTree = "<group>"; };
		70A26F3E1D45A01E000D0880 /* LLT_MKL.h */ = {isa = PBXFileReference; fileEncoding = 4; lastKnownFileType = sourcecode.c.h; path = LLT_MKL.h; sourceTree = "<group>"; };
		70A26F401D45A01E000D0880 /* CholmodSupport.h */ = {isa = PBXFileReference; fileEncoding = 4; lastKnownFileType = sourcecode.c.h; path = CholmodSupport.h; sourceTree = "<group>"; };
		70A26F411D45A01E000D0880 /* CMakeLists.txt */ = {isa = PBXFileReference; fileEncoding = 4; lastKnownFileType = text; path = CMakeLists.txt; sourceTree = "<group>"; };
		70A26F421D45A01E000D0880 /* CMakeLists.txt */ = {isa = PBXFileReference; fileEncoding = 4; lastKnownFileType = text; path = CMakeLists.txt; sourceTree = "<group>"; };
		70A26F461D45A01E000D0880 /* CMakeLists.txt */ = {isa = PBXFileReference; fileEncoding = 4; lastKnownFileType = text; path = CMakeLists.txt; sourceTree = "<group>"; };
		70A26F471D45A01E000D0880 /* Complex.h */ = {isa = PBXFileReference; fileEncoding = 4; lastKnownFileType = sourcecode.c.h; path = Complex.h; sourceTree = "<group>"; };
		70A26F481D45A01E000D0880 /* PacketMath.h */ = {isa = PBXFileReference; fileEncoding = 4; lastKnownFileType = sourcecode.c.h; path = PacketMath.h; sourceTree = "<group>"; };
		70A26F491D45A01E000D0880 /* CMakeLists.txt */ = {isa = PBXFileReference; fileEncoding = 4; lastKnownFileType = text; path = CMakeLists.txt; sourceTree = "<group>"; };
		70A26F4B1D45A01E000D0880 /* CMakeLists.txt */ = {isa = PBXFileReference; fileEncoding = 4; lastKnownFileType = text; path = CMakeLists.txt; sourceTree = "<group>"; };
		70A26F4C1D45A01E000D0880 /* Settings.h */ = {isa = PBXFileReference; fileEncoding = 4; lastKnownFileType = sourcecode.c.h; path = Settings.h; sourceTree = "<group>"; };
		70A26F4E1D45A01E000D0880 /* CMakeLists.txt */ = {isa = PBXFileReference; fileEncoding = 4; lastKnownFileType = text; path = CMakeLists.txt; sourceTree = "<group>"; };
		70A26F4F1D45A01E000D0880 /* Complex.h */ = {isa = PBXFileReference; fileEncoding = 4; lastKnownFileType = sourcecode.c.h; path = Complex.h; sourceTree = "<group>"; };
		70A26F501D45A01E000D0880 /* PacketMath.h */ = {isa = PBXFileReference; fileEncoding = 4; lastKnownFileType = sourcecode.c.h; path = PacketMath.h; sourceTree = "<group>"; };
		70A26F521D45A01E000D0880 /* CMakeLists.txt */ = {isa = PBXFileReference; fileEncoding = 4; lastKnownFileType = text; path = CMakeLists.txt; sourceTree = "<group>"; };
		70A26F531D45A01E000D0880 /* Complex.h */ = {isa = PBXFileReference; fileEncoding = 4; lastKnownFileType = sourcecode.c.h; path = Complex.h; sourceTree = "<group>"; };
		70A26F541D45A01E000D0880 /* MathFunctions.h */ = {isa = PBXFileReference; fileEncoding = 4; lastKnownFileType = sourcecode.c.h; path = MathFunctions.h; sourceTree = "<group>"; };
		70A26F551D45A01E000D0880 /* PacketMath.h */ = {isa = PBXFileReference; fileEncoding = 4; lastKnownFileType = sourcecode.c.h; path = PacketMath.h; sourceTree = "<group>"; };
		70A26F561D45A01E000D0880 /* Array.h */ = {isa = PBXFileReference; fileEncoding = 4; lastKnownFileType = sourcecode.c.h; path = Array.h; sourceTree = "<group>"; };
		70A26F571D45A01E000D0880 /* ArrayBase.h */ = {isa = PBXFileReference; fileEncoding = 4; lastKnownFileType = sourcecode.c.h; path = ArrayBase.h; sourceTree = "<group>"; };
		70A26F581D45A01E000D0880 /* ArrayWrapper.h */ = {isa = PBXFileReference; fileEncoding = 4; lastKnownFileType = sourcecode.c.h; path = ArrayWrapper.h; sourceTree = "<group>"; };
		70A26F591D45A01E000D0880 /* Assign.h */ = {isa = PBXFileReference; fileEncoding = 4; lastKnownFileType = sourcecode.c.h; path = Assign.h; sourceTree = "<group>"; };
		70A26F5A1D45A01E000D0880 /* Assign_MKL.h */ = {isa = PBXFileReference; fileEncoding = 4; lastKnownFileType = sourcecode.c.h; path = Assign_MKL.h; sourceTree = "<group>"; };
		70A26F5B1D45A01E000D0880 /* BandMatrix.h */ = {isa = PBXFileReference; fileEncoding = 4; lastKnownFileType = sourcecode.c.h; path = BandMatrix.h; sourceTree = "<group>"; };
		70A26F5C1D45A01E000D0880 /* Block.h */ = {isa = PBXFileReference; fileEncoding = 4; lastKnownFileType = sourcecode.c.h; path = Block.h; sourceTree = "<group>"; };
		70A26F5D1D45A01E000D0880 /* BooleanRedux.h */ = {isa = PBXFileReference; fileEncoding = 4; lastKnownFileType = sourcecode.c.h; path = BooleanRedux.h; sourceTree = "<group>"; };
		70A26F5E1D45A01E000D0880 /* CMakeLists.txt */ = {isa = PBXFileReference; fileEncoding = 4; lastKnownFileType = text; path = CMakeLists.txt; sourceTree = "<group>"; };
		70A26F5F1D45A01E000D0880 /* CommaInitializer.h */ = {isa = PBXFileReference; fileEncoding = 4; lastKnownFileType = sourcecode.c.h; path = CommaInitializer.h; sourceTree = "<group>"; };
		70A26F601D45A01E000D0880 /* CoreIterators.h */ = {isa = PBXFileReference; fileEncoding = 4; lastKnownFileType = sourcecode.c.h; path = CoreIterators.h; sourceTree = "<group>"; };
		70A26F611D45A01E000D0880 /* CwiseBinaryOp.h */ = {isa = PBXFileReference; fileEncoding = 4; lastKnownFileType = sourcecode.c.h; path = CwiseBinaryOp.h; sourceTree = "<group>"; };
		70A26F621D45A01E000D0880 /* CwiseNullaryOp.h */ = {isa = PBXFileReference; fileEncoding = 4; lastKnownFileType = sourcecode.c.h; path = CwiseNullaryOp.h; sourceTree = "<group>"; };
		70A26F631D45A01E000D0880 /* CwiseUnaryOp.h */ = {isa = PBXFileReference; fileEncoding = 4; lastKnownFileType = sourcecode.c.h; path = CwiseUnaryOp.h; sourceTree = "<group>"; };
		70A26F641D45A01E000D0880 /* CwiseUnaryView.h */ = {isa = PBXFileReference; fileEncoding = 4; lastKnownFileType = sourcecode.c.h; path = CwiseUnaryView.h; sourceTree = "<group>"; };
		70A26F651D45A01E000D0880 /* DenseBase.h */ = {isa = PBXFileReference; fileEncoding = 4; lastKnownFileType = sourcecode.c.h; path = DenseBase.h; sourceTree = "<group>"; };
		70A26F661D45A01E000D0880 /* DenseCoeffsBase.h */ = {isa = PBXFileReference; fileEncoding = 4; lastKnownFileType = sourcecode.c.h; path = DenseCoeffsBase.h; sourceTree = "<group>"; };
		70A26F671D45A01E000D0880 /* DenseStorage.h */ = {isa = PBXFileReference; fileEncoding = 4; lastKnownFileType = sourcecode.c.h; path = DenseStorage.h; sourceTree = "<group>"; };
		70A26F681D45A01E000D0880 /* Diagonal.h */ = {isa = PBXFileReference; fileEncoding = 4; lastKnownFileType = sourcecode.c.h; path = Diagonal.h; sourceTree = "<group>"; };
		70A26F691D45A01E000D0880 /* DiagonalMatrix.h */ = {isa = PBXFileReference; fileEncoding = 4; lastKnownFileType = sourcecode.c.h; path = DiagonalMatrix.h; sourceTree = "<group>"; };
		70A26F6A1D45A01E000D0880 /* DiagonalProduct.h */ = {isa = PBXFileReference; fileEncoding = 4; lastKnownFileType = sourcecode.c.h; path = DiagonalProduct.h; sourceTree = "<group>"; };
		70A26F6B1D45A01E000D0880 /* Dot.h */ = {isa = PBXFileReference; fileEncoding = 4; lastKnownFileType = sourcecode.c.h; path = Dot.h; sourceTree = "<group>"; };
		70A26F6C1D45A01E000D0880 /* EigenBase.h */ = {isa = PBXFileReference; fileEncoding = 4; lastKnownFileType = sourcecode.c.h; path = EigenBase.h; sourceTree = "<group>"; };
		70A26F6D1D45A01E000D0880 /* Flagged.h */ = {isa = PBXFileReference; fileEncoding = 4; lastKnownFileType = sourcecode.c.h; path = Flagged.h; sourceTree = "<group>"; };
		70A26F6E1D45A01E000D0880 /* ForceAlignedAccess.h */ = {isa = PBXFileReference; fileEncoding = 4; lastKnownFileType = sourcecode.c.h; path = ForceAlignedAccess.h; sourceTree = "<group>"; };
		70A26F6F1D45A01E000D0880 /* Functors.h */ = {isa = PBXFileReference; fileEncoding = 4; lastKnownFileType = sourcecode.c.h; path = Functors.h; sourceTree = "<group>"; };
		70A26F701D45A01E000D0880 /* Fuzzy.h */ = {isa = PBXFileReference; fileEncoding = 4; lastKnownFileType = sourcecode.c.h; path = Fuzzy.h; sourceTree = "<group>"; };
		70A26F711D45A01E000D0880 /* GeneralProduct.h */ = {isa = PBXFileReference; fileEncoding = 4; lastKnownFileType = sourcecode.c.h; path = GeneralProduct.h; sourceTree = "<group>"; };
		70A26F721D45A01E000D0880 /* GenericPacketMath.h */ = {isa = PBXFileReference; fileEncoding = 4; lastKnownFileType = sourcecode.c.h; path = GenericPacketMath.h; sourceTree = "<group>"; };
		70A26F731D45A01E000D0880 /* GlobalFunctions.h */ = {isa = PBXFileReference; fileEncoding = 4; lastKnownFileType = sourcecode.c.h; path = GlobalFunctions.h; sourceTree = "<group>"; };
		70A26F741D45A01E000D0880 /* IO.h */ = {isa = PBXFileReference; fileEncoding = 4; lastKnownFileType = sourcecode.c.h; path = IO.h; sourceTree = "<group>"; };
		70A26F751D45A01E000D0880 /* Map.h */ = {isa = PBXFileReference; fileEncoding = 4; lastKnownFileType = sourcecode.c.h; path = Map.h; sourceTree = "<group>"; };
		70A26F761D45A01E000D0880 /* MapBase.h */ = {isa = PBXFileReference; fileEncoding = 4; lastKnownFileType = sourcecode.c.h; path = MapBase.h; sourceTree = "<group>"; };
		70A26F771D45A01E000D0880 /* MathFunctions.h */ = {isa = PBXFileReference; fileEncoding = 4; lastKnownFileType = sourcecode.c.h; path = MathFunctions.h; sourceTree = "<group>"; };
		70A26F781D45A01E000D0880 /* Matrix.h */ = {isa = PBXFileReference; fileEncoding = 4; lastKnownFileType = sourcecode.c.h; path = Matrix.h; sourceTree = "<group>"; };
		70A26F791D45A01E000D0880 /* MatrixBase.h */ = {isa = PBXFileReference; fileEncoding = 4; lastKnownFileType = sourcecode.c.h; path = MatrixBase.h; sourceTree = "<group>"; };
		70A26F7A1D45A01E000D0880 /* NestByValue.h */ = {isa = PBXFileReference; fileEncoding = 4; lastKnownFileType = sourcecode.c.h; path = NestByValue.h; sourceTree = "<group>"; };
		70A26F7B1D45A01E000D0880 /* NoAlias.h */ = {isa = PBXFileReference; fileEncoding = 4; lastKnownFileType = sourcecode.c.h; path = NoAlias.h; sourceTree = "<group>"; };
		70A26F7C1D45A01E000D0880 /* NumTraits.h */ = {isa = PBXFileReference; fileEncoding = 4; lastKnownFileType = sourcecode.c.h; path = NumTraits.h; sourceTree = "<group>"; };
		70A26F7D1D45A01E000D0880 /* PermutationMatrix.h */ = {isa = PBXFileReference; fileEncoding = 4; lastKnownFileType = sourcecode.c.h; path = PermutationMatrix.h; sourceTree = "<group>"; };
		70A26F7E1D45A01E000D0880 /* PlainObjectBase.h */ = {isa = PBXFileReference; fileEncoding = 4; lastKnownFileType = sourcecode.c.h; path = PlainObjectBase.h; sourceTree = "<group>"; };
		70A26F7F1D45A01E000D0880 /* ProductBase.h */ = {isa = PBXFileReference; fileEncoding = 4; lastKnownFileType = sourcecode.c.h; path = ProductBase.h; sourceTree = "<group>"; };
		70A26F811D45A01E000D0880 /* CMakeLists.txt */ = {isa = PBXFileReference; fileEncoding = 4; lastKnownFileType = text; path = CMakeLists.txt; sourceTree = "<group>"; };
		70A26F821D45A01E000D0880 /* CoeffBasedProduct.h */ = {isa = PBXFileReference; fileEncoding = 4; lastKnownFileType = sourcecode.c.h; path = CoeffBasedProduct.h; sourceTree = "<group>"; };
		70A26F831D45A01E000D0880 /* GeneralBlockPanelKernel.h */ = {isa = PBXFileReference; fileEncoding = 4; lastKnownFileType = sourcecode.c.h; path = GeneralBlockPanelKernel.h; sourceTree = "<group>"; };
		70A26F841D45A01E000D0880 /* GeneralMatrixMatrix.h */ = {isa = PBXFileReference; fileEncoding = 4; lastKnownFileType = sourcecode.c.h; path = GeneralMatrixMatrix.h; sourceTree = "<group>"; };
		70A26F851D45A01E000D0880 /* GeneralMatrixMatrix_MKL.h */ = {isa = PBXFileReference; fileEncoding = 4; lastKnownFileType = sourcecode.c.h; path = GeneralMatrixMatrix_MKL.h; sourceTree = "<group>"; };
		70A26F861D45A01E000D0880 /* GeneralMatrixMatrixTriangular.h */ = {isa = PBXFileReference; fileEncoding = 4; lastKnownFileType = sourcecode.c.h; path = GeneralMatrixMatrixTriangular.h; sourceTree = "<group>"; };
		70A26F871D45A01E000D0880 /* GeneralMatrixMatrixTriangular_MKL.h */ = {isa = PBXFileReference; fileEncoding = 4; lastKnownFileType = sourcecode.c.h; path = GeneralMatrixMatrixTriangular_MKL.h; sourceTree = "<group>"; };
		70A26F881D45A01E000D0880 /* GeneralMatrixVector.h */ = {isa = PBXFileReference; fileEncoding = 4; lastKnownFileType = sourcecode.c.h; path = GeneralMatrixVector.h; sourceTree = "<group>"; };
		70A26F891D45A01E000D0880 /* GeneralMatrixVector_MKL.h */ = {isa = PBXFileReference; fileEncoding = 4; lastKnownFileType = sourcecode.c.h; path = GeneralMatrixVector_MKL.h; sourceTree = "<group>"; };
		70A26F8A1D45A01E000D0880 /* Parallelizer.h */ = {isa = PBXFileReference; fileEncoding = 4; lastKnownFileType = sourcecode.c.h; path = Parallelizer.h; sourceTree = "<group>"; };
		70A26F8B1D45A01E000D0880 /* SelfadjointMatrixMatrix.h */ = {isa = PBXFileReference; fileEncoding = 4; lastKnownFileType = sourcecode.c.h; path = SelfadjointMatrixMatrix.h; sourceTree = "<group>"; };
		70A26F8C1D45A01E000D0880 /* SelfadjointMatrixMatrix_MKL.h */ = {isa = PBXFileReference; fileEncoding = 4; lastKnownFileType = sourcecode.c.h; path = SelfadjointMatrixMatrix_MKL.h; sourceTree = "<group>"; };
		70A26F8D1D45A01E000D0880 /* SelfadjointMatrixVector.h */ = {isa = PBXFileReference; fileEncoding = 4; lastKnownFileType = sourcecode.c.h; path = SelfadjointMatrixVector.h; sourceTree = "<group>"; };
		70A26F8E1D45A01E000D0880 /* SelfadjointMatrixVector_MKL.h */ = {isa = PBXFileReference; fileEncoding = 4; lastKnownFileType = sourcecode.c.h; path = SelfadjointMatrixVector_MKL.h; sourceTree = "<group>"; };
		70A26F8F1D45A01E000D0880 /* SelfadjointProduct.h */ = {isa = PBXFileReference; fileEncoding = 4; lastKnownFileType = sourcecode.c.h; path = SelfadjointProduct.h; sourceTree = "<group>"; };
		70A26F901D45A01E000D0880 /* SelfadjointRank2Update.h */ = {isa = PBXFileReference; fileEncoding = 4; lastKnownFileType = sourcecode.c.h; path = SelfadjointRank2Update.h; sourceTree = "<group>"; };
		70A26F911D45A01E000D0880 /* TriangularMatrixMatrix.h */ = {isa = PBXFileReference; fileEncoding = 4; lastKnownFileType = sourcecode.c.h; path = TriangularMatrixMatrix.h; sourceTree = "<group>"; };
		70A26F921D45A01E000D0880 /* TriangularMatrixMatrix_MKL.h */ = {isa = PBXFileReference; fileEncoding = 4; lastKnownFileType = sourcecode.c.h; path = TriangularMatrixMatrix_MKL.h; sourceTree = "<group>"; };
		70A26F931D45A01E000D0880 /* TriangularMatrixVector.h */ = {isa = PBXFileReference; fileEncoding = 4; lastKnownFileType = sourcecode.c.h; path = TriangularMatrixVector.h; sourceTree = "<group>"; };
		70A26F941D45A01E000D0880 /* TriangularMatrixVector_MKL.h */ = {isa = PBXFileReference; fileEncoding = 4; lastKnownFileType = sourcecode.c.h; path = TriangularMatrixVector_MKL.h; sourceTree = "<group>"; };
		70A26F951D45A01E000D0880 /* TriangularSolverMatrix.h */ = {isa = PBXFileReference; fileEncoding = 4; lastKnownFileType = sourcecode.c.h; path = TriangularSolverMatrix.h; sourceTree = "<group>"; };
		70A26F961D45A01E000D0880 /* TriangularSolverMatrix_MKL.h */ = {isa = PBXFileReference; fileEncoding = 4; lastKnownFileType = sourcecode.c.h; path = TriangularSolverMatrix_MKL.h; sourceTree = "<group>"; };
		70A26F971D45A01E000D0880 /* TriangularSolverVector.h */ = {isa = PBXFileReference; fileEncoding = 4; lastKnownFileType = sourcecode.c.h; path = TriangularSolverVector.h; sourceTree = "<group>"; };
		70A26F981D45A01E000D0880 /* Random.h */ = {isa = PBXFileReference; fileEncoding = 4; lastKnownFileType = sourcecode.c.h; path = Random.h; sourceTree = "<group>"; };
		70A26F991D45A01E000D0880 /* Redux.h */ = {isa = PBXFileReference; fileEncoding = 4; lastKnownFileType = sourcecode.c.h; path = Redux.h; sourceTree = "<group>"; };
		70A26F9A1D45A01E000D0880 /* Ref.h */ = {isa = PBXFileReference; fileEncoding = 4; lastKnownFileType = sourcecode.c.h; path = Ref.h; sourceTree = "<group>"; };
		70A26F9B1D45A01E000D0880 /* Replicate.h */ = {isa = PBXFileReference; fileEncoding = 4; lastKnownFileType = sourcecode.c.h; path = Replicate.h; sourceTree = "<group>"; };
		70A26F9C1D45A01E000D0880 /* ReturnByValue.h */ = {isa = PBXFileReference; fileEncoding = 4; lastKnownFileType = sourcecode.c.h; path = ReturnByValue.h; sourceTree = "<group>"; };
		70A26F9D1D45A01E000D0880 /* Reverse.h */ = {isa = PBXFileReference; fileEncoding = 4; lastKnownFileType = sourcecode.c.h; path = Reverse.h; sourceTree = "<group>"; };
		70A26F9E1D45A01E000D0880 /* Select.h */ = {isa = PBXFileReference; fileEncoding = 4; lastKnownFileType = sourcecode.c.h; path = Select.h; sourceTree = "<group>"; };
		70A26F9F1D45A01E000D0880 /* SelfAdjointView.h */ = {isa = PBXFileReference; fileEncoding = 4; lastKnownFileType = sourcecode.c.h; path = SelfAdjointView.h; sourceTree = "<group>"; };
		70A26FA01D45A01E000D0880 /* SelfCwiseBinaryOp.h */ = {isa = PBXFileReference; fileEncoding = 4; lastKnownFileType = sourcecode.c.h; path = SelfCwiseBinaryOp.h; sourceTree = "<group>"; };
		70A26FA11D45A01E000D0880 /* SolveTriangular.h */ = {isa = PBXFileReference; fileEncoding = 4; lastKnownFileType = sourcecode.c.h; path = SolveTriangular.h; sourceTree = "<group>"; };
		70A26FA21D45A01E000D0880 /* StableNorm.h */ = {isa = PBXFileReference; fileEncoding = 4; lastKnownFileType = sourcecode.c.h; path = StableNorm.h; sourceTree = "<group>"; };
		70A26FA31D45A01E000D0880 /* Stride.h */ = {isa = PBXFileReference; fileEncoding = 4; lastKnownFileType = sourcecode.c.h; path = Stride.h; sourceTree = "<group>"; };
		70A26FA41D45A01E000D0880 /* Swap.h */ = {isa = PBXFileReference; fileEncoding = 4; lastKnownFileType = sourcecode.c.h; path = Swap.h; sourceTree = "<group>"; };
		70A26FA51D45A01E000D0880 /* Transpose.h */ = {isa = PBXFileReference; fileEncoding = 4; lastKnownFileType = sourcecode.c.h; path = Transpose.h; sourceTree = "<group>"; };
		70A26FA61D45A01E000D0880 /* Transpositions.h */ = {isa = PBXFileReference; fileEncoding = 4; lastKnownFileType = sourcecode.c.h; path = Transpositions.h; sourceTree = "<group>"; };
		70A26FA71D45A01E000D0880 /* TriangularMatrix.h */ = {isa = PBXFileReference; fileEncoding = 4; lastKnownFileType = sourcecode.c.h; path = TriangularMatrix.h; sourceTree = "<group>"; };
		70A26FA91D45A01E000D0880 /* BlasUtil.h */ = {isa = PBXFileReference; fileEncoding = 4; lastKnownFileType = sourcecode.c.h; path = BlasUtil.h; sourceTree = "<group>"; };
		70A26FAA1D45A01E000D0880 /* CMakeLists.txt */ = {isa = PBXFileReference; fileEncoding = 4; lastKnownFileType = text; path = CMakeLists.txt; sourceTree = "<group>"; };
		70A26FAB1D45A01E000D0880 /* Constants.h */ = {isa = PBXFileReference; fileEncoding = 4; lastKnownFileType = sourcecode.c.h; path = Constants.h; sourceTree = "<group>"; };
		70A26FAC1D45A01E000D0880 /* DisableStupidWarnings.h */ = {isa = PBXFileReference; fileEncoding = 4; lastKnownFileType = sourcecode.c.h; path = DisableStupidWarnings.h; sourceTree = "<group>"; };
		70A26FAD1D45A01E000D0880 /* ForwardDeclarations.h */ = {isa = PBXFileReference; fileEncoding = 4; lastKnownFileType = sourcecode.c.h; path = ForwardDeclarations.h; sourceTree = "<group>"; };
		70A26FAE1D45A01E000D0880 /* Macros.h */ = {isa = PBXFileReference; fileEncoding = 4; lastKnownFileType = sourcecode.c.h; path = Macros.h; sourceTree = "<group>"; };
		70A26FAF1D45A01E000D0880 /* Memory.h */ = {isa = PBXFileReference; fileEncoding = 4; lastKnownFileType = sourcecode.c.h; path = Memory.h; sourceTree = "<group>"; };
		70A26FB01D45A01E000D0880 /* Meta.h */ = {isa = PBXFileReference; fileEncoding = 4; lastKnownFileType = sourcecode.c.h; path = Meta.h; sourceTree = "<group>"; };
		70A26FB11D45A01E000D0880 /* MKL_support.h */ = {isa = PBXFileReference; fileEncoding = 4; lastKnownFileType = sourcecode.c.h; path = MKL_support.h; sourceTree = "<group>"; };
		70A26FB21D45A01E000D0880 /* NonMPL2.h */ = {isa = PBXFileReference; fileEncoding = 4; lastKnownFileType = sourcecode.c.h; path = NonMPL2.h; sourceTree = "<group>"; };
		70A26FB31D45A01E000D0880 /* ReenableStupidWarnings.h */ = {isa = PBXFileReference; fileEncoding = 4; lastKnownFileType = sourcecode.c.h; path = ReenableStupidWarnings.h; sourceTree = "<group>"; };
		70A26FB41D45A01E000D0880 /* StaticAssert.h */ = {isa = PBXFileReference; fileEncoding = 4; lastKnownFileType = sourcecode.c.h; path = StaticAssert.h; sourceTree = "<group>"; };
		70A26FB51D45A01E000D0880 /* XprHelper.h */ = {isa = PBXFileReference; fileEncoding = 4; lastKnownFileType = sourcecode.c.h; path = XprHelper.h; sourceTree = "<group>"; };
		70A26FB61D45A01E000D0880 /* VectorBlock.h */ = {isa = PBXFileReference; fileEncoding = 4; lastKnownFileType = sourcecode.c.h; path = VectorBlock.h; sourceTree = "<group>"; };
		70A26FB71D45A01E000D0880 /* VectorwiseOp.h */ = {isa = PBXFileReference; fileEncoding = 4; lastKnownFileType = sourcecode.c.h; path = VectorwiseOp.h; sourceTree = "<group>"; };
		70A26FB81D45A01E000D0880 /* Visitor.h */ = {isa = PBXFileReference; fileEncoding = 4; lastKnownFileType = sourcecode.c.h; path = Visitor.h; sourceTree = "<group>"; };
		70A26FBA1D45A01E000D0880 /* Block.h */ = {isa = PBXFileReference; fileEncoding = 4; lastKnownFileType = sourcecode.c.h; path = Block.h; sourceTree = "<group>"; };
		70A26FBB1D45A01E000D0880 /* CMakeLists.txt */ = {isa = PBXFileReference; fileEncoding = 4; lastKnownFileType = text; path = CMakeLists.txt; sourceTree = "<group>"; };
		70A26FBC1D45A01E000D0880 /* Cwise.h */ = {isa = PBXFileReference; fileEncoding = 4; lastKnownFileType = sourcecode.c.h; path = Cwise.h; sourceTree = "<group>"; };
		70A26FBD1D45A01E000D0880 /* CwiseOperators.h */ = {isa = PBXFileReference; fileEncoding = 4; lastKnownFileType = sourcecode.c.h; path = CwiseOperators.h; sourceTree = "<group>"; };
		70A26FBF1D45A01E000D0880 /* AlignedBox.h */ = {isa = PBXFileReference; fileEncoding = 4; lastKnownFileType = sourcecode.c.h; path = AlignedBox.h; sourceTree = "<group>"; };
		70A26FC01D45A01E000D0880 /* All.h */ = {isa = PBXFileReference; fileEncoding = 4; lastKnownFileType = sourcecode.c.h; path = All.h; sourceTree = "<group>"; };
		70A26FC11D45A01E000D0880 /* AngleAxis.h */ = {isa = PBXFileReference; fileEncoding = 4; lastKnownFileType = sourcecode.c.h; path = AngleAxis.h; sourceTree = "<group>"; };
		70A26FC21D45A01E000D0880 /* CMakeLists.txt */ = {isa = PBXFileReference; fileEncoding = 4; lastKnownFileType = text; path = CMakeLists.txt; sourceTree = "<group>"; };
		70A26FC31D45A01E000D0880 /* Hyperplane.h */ = {isa = PBXFileReference; fileEncoding = 4; lastKnownFileType = sourcecode.c.h; path = Hyperplane.h; sourceTree = "<group>"; };
		70A26FC41D45A01E000D0880 /* ParametrizedLine.h */ = {isa = PBXFileReference; fileEncoding = 4; lastKnownFileType = sourcecode.c.h; path = ParametrizedLine.h; sourceTree = "<group>"; };
		70A26FC51D45A01E000D0880 /* Quaternion.h */ = {isa = PBXFileReference; fileEncoding = 4; lastKnownFileType = sourcecode.c.h; path = Quaternion.h; sourceTree = "<group>"; };
		70A26FC61D45A01E000D0880 /* Rotation2D.h */ = {isa = PBXFileReference; fileEncoding = 4; lastKnownFileType = sourcecode.c.h; path = Rotation2D.h; sourceTree = "<group>"; };
		70A26FC71D45A01E000D0880 /* RotationBase.h */ = {isa = PBXFileReference; fileEncoding = 4; lastKnownFileType = sourcecode.c.h; path = RotationBase.h; sourceTree = "<group>"; };
		70A26FC81D45A01E000D0880 /* Scaling.h */ = {isa = PBXFileReference; fileEncoding = 4; lastKnownFileType = sourcecode.c.h; path = Scaling.h; sourceTree = "<group>"; };
		70A26FC91D45A01E000D0880 /* Transform.h */ = {isa = PBXFileReference; fileEncoding = 4; lastKnownFileType = sourcecode.c.h; path = Transform.h; sourceTree = "<group>"; };
		70A26FCA1D45A01E000D0880 /* Translation.h */ = {isa = PBXFileReference; fileEncoding = 4; lastKnownFileType = sourcecode.c.h; path = Translation.h; sourceTree = "<group>"; };
		70A26FCB1D45A01E000D0880 /* Lazy.h */ = {isa = PBXFileReference; fileEncoding = 4; lastKnownFileType = sourcecode.c.h; path = Lazy.h; sourceTree = "<group>"; };
		70A26FCC1D45A01E000D0880 /* LeastSquares.h */ = {isa = PBXFileReference; fileEncoding = 4; lastKnownFileType = sourcecode.c.h; path = LeastSquares.h; sourceTree = "<group>"; };
		70A26FCD1D45A01E000D0880 /* LU.h */ = {isa = PBXFileReference; fileEncoding = 4; lastKnownFileType = sourcecode.c.h; path = LU.h; sourceTree = "<group>"; };
		70A26FCE1D45A01E000D0880 /* Macros.h */ = {isa = PBXFileReference; fileEncoding = 4; lastKnownFileType = sourcecode.c.h; path = Macros.h; sourceTree = "<group>"; };
		70A26FCF1D45A01E000D0880 /* MathFunctions.h */ = {isa = PBXFileReference; fileEncoding = 4; lastKnownFileType = sourcecode.c.h; path = MathFunctions.h; sourceTree = "<group>"; };
		70A26FD01D45A01E000D0880 /* Memory.h */ = {isa = PBXFileReference; fileEncoding = 4; lastKnownFileType = sourcecode.c.h; path = Memory.h; sourceTree = "<group>"; };
		70A26FD11D45A01E000D0880 /* Meta.h */ = {isa = PBXFileReference; fileEncoding = 4; lastKnownFileType = sourcecode.c.h; path = Meta.h; sourceTree = "<group>"; };
		70A26FD21D45A01E000D0880 /* Minor.h */ = {isa = PBXFileReference; fileEncoding = 4; lastKnownFileType = sourcecode.c.h; path = Minor.h; sourceTree = "<group>"; };
		70A26FD31D45A01E000D0880 /* QR.h */ = {isa = PBXFileReference; fileEncoding = 4; lastKnownFileType = sourcecode.c.h; path = QR.h; sourceTree = "<group>"; };
		70A26FD41D45A01E000D0880 /* SVD.h */ = {isa = PBXFileReference; fileEncoding = 4; lastKnownFileType = sourcecode.c.h; path = SVD.h; sourceTree = "<group>"; };
		70A26FD51D45A01E000D0880 /* TriangularSolver.h */ = {isa = PBXFileReference; fileEncoding = 4; lastKnownFileType = sourcecode.c.h; path = TriangularSolver.h; sourceTree = "<group>"; };
		70A26FD61D45A01E000D0880 /* VectorBlock.h */ = {isa = PBXFileReference; fileEncoding = 4; lastKnownFileType = sourcecode.c.h; path = VectorBlock.h; sourceTree = "<group>"; };
		70A26FD81D45A01E000D0880 /* CMakeLists.txt */ = {isa = PBXFileReference; fileEncoding = 4; lastKnownFileType = text; path = CMakeLists.txt; sourceTree = "<group>"; };
		70A26FD91D45A01E000D0880 /* ComplexEigenSolver.h */ = {isa = PBXFileReference; fileEncoding = 4; lastKnownFileType = sourcecode.c.h; path = ComplexEigenSolver.h; sourceTree = "<group>"; };
		70A26FDA1D45A01E000D0880 /* ComplexSchur.h */ = {isa = PBXFileReference; fileEncoding = 4; lastKnownFileType = sourcecode.c.h; path = ComplexSchur.h; sourceTree = "<group>"; };
		70A26FDB1D45A01E000D0880 /* ComplexSchur_MKL.h */ = {isa = PBXFileReference; fileEncoding = 4; lastKnownFileType = sourcecode.c.h; path = ComplexSchur_MKL.h; sourceTree = "<group>"; };
		70A26FDC1D45A01E000D0880 /* EigenSolver.h */ = {isa = PBXFileReference; fileEncoding = 4; lastKnownFileType = sourcecode.c.h; path = EigenSolver.h; sourceTree = "<group>"; };
		70A26FDD1D45A01E000D0880 /* GeneralizedEigenSolver.h */ = {isa = PBXFileReference; fileEncoding = 4; lastKnownFileType = sourcecode.c.h; path = GeneralizedEigenSolver.h; sourceTree = "<group>"; };
		70A26FDE1D45A01E000D0880 /* GeneralizedSelfAdjointEigenSolver.h */ = {isa = PBXFileReference; fileEncoding = 4; lastKnownFileType = sourcecode.c.h; path = GeneralizedSelfAdjointEigenSolver.h; sourceTree = "<group>"; };
		70A26FDF1D45A01E000D0880 /* HessenbergDecomposition.h */ = {isa = PBXFileReference; fileEncoding = 4; lastKnownFileType = sourcecode.c.h; path = HessenbergDecomposition.h; sourceTree = "<group>"; };
		70A26FE01D45A01E000D0880 /* MatrixBaseEigenvalues.h */ = {isa = PBXFileReference; fileEncoding = 4; lastKnownFileType = sourcecode.c.h; path = MatrixBaseEigenvalues.h; sourceTree = "<group>"; };
		70A26FE11D45A01E000D0880 /* RealQZ.h */ = {isa = PBXFileReference; fileEncoding = 4; lastKnownFileType = sourcecode.c.h; path = RealQZ.h; sourceTree = "<group>"; };
		70A26FE21D45A01E000D0880 /* RealSchur.h */ = {isa = PBXFileReference; fileEncoding = 4; lastKnownFileType = sourcecode.c.h; path = RealSchur.h; sourceTree = "<group>"; };
		70A26FE31D45A01E000D0880 /* RealSchur_MKL.h */ = {isa = PBXFileReference; fileEncoding = 4; lastKnownFileType = sourcecode.c.h; path = RealSchur_MKL.h; sourceTree = "<group>"; };
		70A26FE41D45A01E000D0880 /* SelfAdjointEigenSolver.h */ = {isa = PBXFileReference; fileEncoding = 4; lastKnownFileType = sourcecode.c.h; path = SelfAdjointEigenSolver.h; sourceTree = "<group>"; };
		70A26FE51D45A01E000D0880 /* SelfAdjointEigenSolver_MKL.h */ = {isa = PBXFileReference; fileEncoding = 4; lastKnownFileType = sourcecode.c.h; path = SelfAdjointEigenSolver_MKL.h; sourceTree = "<group>"; };
		70A26FE61D45A01E000D0880 /* Tridiagonalization.h */ = {isa = PBXFileReference; fileEncoding = 4; lastKnownFileType = sourcecode.c.h; path = Tridiagonalization.h; sourceTree = "<group>"; };
		70A26FE81D45A01E000D0880 /* AlignedBox.h */ = {isa = PBXFileReference; fileEncoding = 4; lastKnownFileType = sourcecode.c.h; path = AlignedBox.h; sourceTree = "<group>"; };
		70A26FE91D45A01E000D0880 /* AngleAxis.h */ = {isa = PBXFileReference; fileEncoding = 4; lastKnownFileType = sourcecode.c.h; path = AngleAxis.h; sourceTree = "<group>"; };
		70A26FEB1D45A01E000D0880 /* CMakeLists.txt */ = {isa = PBXFileReference; fileEncoding = 4; lastKnownFileType = text; path = CMakeLists.txt; sourceTree = "<group>"; };
		70A26FEC1D45A01E000D0880 /* Geometry_SSE.h */ = {isa = PBXFileReference; fileEncoding = 4; lastKnownFileType = sourcecode.c.h; path = Geometry_SSE.h; sourceTree = "<group>"; };
		70A26FED1D45A01E000D0880 /* CMakeLists.txt */ = {isa = PBXFileReference; fileEncoding = 4; lastKnownFileType = text; path = CMakeLists.txt; sourceTree = "<group>"; };
		70A26FEE1D45A01E000D0880 /* EulerAngles.h */ = {isa = PBXFileReference; fileEncoding = 4; lastKnownFileType = sourcecode.c.h; path = EulerAngles.h; sourceTree = "<group>"; };
		70A26FEF1D45A01E000D0880 /* Homogeneous.h */ = {isa = PBXFileReference; fileEncoding = 4; lastKnownFileType = sourcecode.c.h; path = Homogeneous.h; sourceTree = "<group>"; };
		70A26FF01D45A01E000D0880 /* Hyperplane.h */ = {isa = PBXFileReference; fileEncoding = 4; lastKnownFileType = sourcecode.c.h; path = Hyperplane.h; sourceTree = "<group>"; };
		70A26FF11D45A01E000D0880 /* OrthoMethods.h */ = {isa = PBXFileReference; fileEncoding = 4; lastKnownFileType = sourcecode.c.h; path = OrthoMethods.h; sourceTree = "<group>"; };
		70A26FF21D45A01E000D0880 /* ParametrizedLine.h */ = {isa = PBXFileReference; fileEncoding = 4; lastKnownFileType = sourcecode.c.h; path = ParametrizedLine.h; sourceTree = "<group>"; };
		70A26FF31D45A01E000D0880 /* Quaternion.h */ = {isa = PBXFileReference; fileEncoding = 4; lastKnownFileType = sourcecode.c.h; path = Quaternion.h; sourceTree = "<group>"; };
		70A26FF41D45A01E000D0880 /* Rotation2D.h */ = {isa = PBXFileReference; fileEncoding = 4; lastKnownFileType = sourcecode.c.h; path = Rotation2D.h; sourceTree = "<group>"; };
		70A26FF51D45A01E000D0880 /* RotationBase.h */ = {isa = PBXFileReference; fileEncoding = 4; lastKnownFileType = sourcecode.c.h; path = RotationBase.h; sourceTree = "<group>"; };
		70A26FF61D45A01E000D0880 /* Scaling.h */ = {isa = PBXFileReference; fileEncoding = 4; lastKnownFileType = sourcecode.c.h; path = Scaling.h; sourceTree = "<group>"; };
		70A26FF71D45A01E000D0880 /* Transform.h */ = {isa = PBXFileReference; fileEncoding = 4; lastKnownFileType = sourcecode.c.h; path = Transform.h; sourceTree = "<group>"; };
		70A26FF81D45A01E000D0880 /* Translation.h */ = {isa = PBXFileReference; fileEncoding = 4; lastKnownFileType = sourcecode.c.h; path = Translation.h; sourceTree = "<group>"; };
		70A26FF91D45A01E000D0880 /* Umeyama.h */ = {isa = PBXFileReference; fileEncoding = 4; lastKnownFileType = sourcecode.c.h; path = Umeyama.h; sourceTree = "<group>"; };
		70A26FFB1D45A01E000D0880 /* BlockHouseholder.h */ = {isa = PBXFileReference; fileEncoding = 4; lastKnownFileType = sourcecode.c.h; path = BlockHouseholder.h; sourceTree = "<group>"; };
		70A26FFC1D45A01E000D0880 /* CMakeLists.txt */ = {isa = PBXFileReference; fileEncoding = 4; lastKnownFileType = text; path = CMakeLists.txt; sourceTree = "<group>"; };
		70A26FFD1D45A01E000D0880 /* Householder.h */ = {isa = PBXFileReference; fileEncoding = 4; lastKnownFileType = sourcecode.c.h; path = Householder.h; sourceTree = "<group>"; };
		70A26FFE1D45A01E000D0880 /* HouseholderSequence.h */ = {isa = PBXFileReference; fileEncoding = 4; lastKnownFileType = sourcecode.c.h; path = HouseholderSequence.h; sourceTree = "<group>"; };
		70A270001D45A01E000D0880 /* BasicPreconditioners.h */ = {isa = PBXFileReference; fileEncoding = 4; lastKnownFileType = sourcecode.c.h; path = BasicPreconditioners.h; sourceTree = "<group>"; };
		70A270011D45A01E000D0880 /* BiCGSTAB.h */ = {isa = PBXFileReference; fileEncoding = 4; lastKnownFileType = sourcecode.c.h; path = BiCGSTAB.h; sourceTree = "<group>"; };
		70A270021D45A01E000D0880 /* CMakeLists.txt */ = {isa = PBXFileReference; fileEncoding = 4; lastKnownFileType = text; path = CMakeLists.txt; sourceTree = "<group>"; };
		70A270031D45A01E000D0880 /* ConjugateGradient.h */ = {isa = PBXFileReference; fileEncoding = 4; lastKnownFileType = sourcecode.c.h; path = ConjugateGradient.h; sourceTree = "<group>"; };
		70A270041D45A01E000D0880 /* IncompleteLUT.h */ = {isa = PBXFileReference; fileEncoding = 4; lastKnownFileType = sourcecode.c.h; path = IncompleteLUT.h; sourceTree = "<group>"; };
		70A270051D45A01E000D0880 /* IterativeSolverBase.h */ = {isa = PBXFileReference; fileEncoding = 4; lastKnownFileType = sourcecode.c.h; path = IterativeSolverBase.h; sourceTree = "<group>"; };
		70A270071D45A01E000D0880 /* CMakeLists.txt */ = {isa = PBXFileReference; fileEncoding = 4; lastKnownFileType = text; path = CMakeLists.txt; sourceTree = "<group>"; };
		70A270081D45A01E000D0880 /* Jacobi.h */ = {isa = PBXFileReference; fileEncoding = 4; lastKnownFileType = sourcecode.c.h; path = Jacobi.h; sourceTree = "<group>"; };
		70A2700B1D45A01E000D0880 /* CMakeLists.txt */ = {isa = PBXFileReference; fileEncoding = 4; lastKnownFileType = text; path = CMakeLists.txt; sourceTree = "<group>"; };
		70A2700C1D45A01E000D0880 /* Inverse_SSE.h */ = {isa = PBXFileReference; fileEncoding = 4; lastKnownFileType = sourcecode.c.h; path = Inverse_SSE.h; sourceTree = "<group>"; };
		70A2700D1D45A01E000D0880 /* CMakeLists.txt */ = {isa = PBXFileReference; fileEncoding = 4; lastKnownFileType = text; path = CMakeLists.txt; sourceTree = "<group>"; };
		70A2700E1D45A01E000D0880 /* Determinant.h */ = {isa = PBXFileReference; fileEncoding = 4; lastKnownFileType = sourcecode.c.h; path = Determinant.h; sourceTree = "<group>"; };
		70A2700F1D45A01E000D0880 /* FullPivLU.h */ = {isa = PBXFileReference; fileEncoding = 4; lastKnownFileType = sourcecode.c.h; path = FullPivLU.h; sourceTree = "<group>"; };
		70A270101D45A01E000D0880 /* Inverse.h */ = {isa = PBXFileReference; fileEncoding = 4; lastKnownFileType = sourcecode.c.h; path = Inverse.h; sourceTree = "<group>"; };
		70A270111D45A01E000D0880 /* PartialPivLU.h */ = {isa = PBXFileReference; fileEncoding = 4; lastKnownFileType = sourcecode.c.h; path = PartialPivLU.h; sourceTree = "<group>"; };
		70A270121D45A01E000D0880 /* PartialPivLU_MKL.h */ = {isa = PBXFileReference; fileEncoding = 4; lastKnownFileType = sourcecode.c.h; path = PartialPivLU_MKL.h; sourceTree = "<group>"; };
		70A270141D45A01E000D0880 /* CMakeLists.txt */ = {isa = PBXFileReference; fileEncoding = 4; lastKnownFileType = text; path = CMakeLists.txt; sourceTree = "<group>"; };
		70A270151D45A01E000D0880 /* MetisSupport.h */ = {isa = PBXFileReference; fileEncoding = 4; lastKnownFileType = sourcecode.c.h; path = MetisSupport.h; sourceTree = "<group>"; };
		70A270171D45A01E000D0880 /* blas.h */ = {isa = PBXFileReference; fileEncoding = 4; lastKnownFileType = sourcecode.c.h; path = blas.h; sourceTree = "<group>"; };
		70A270181D45A01E000D0880 /* CMakeLists.txt */ = {isa = PBXFileReference; fileEncoding = 4; lastKnownFileType = text; path = CMakeLists.txt; sourceTree = "<group>"; };
		70A270191D45A01E000D0880 /* Image.h */ = {isa = PBXFileReference; fileEncoding = 4; lastKnownFileType = sourcecode.c.h; path = Image.h; sourceTree = "<group>"; };
		70A2701A1D45A01E000D0880 /* Kernel.h */ = {isa = PBXFileReference; fileEncoding = 4; lastKnownFileType = sourcecode.c.h; path = Kernel.h; sourceTree = "<group>"; };
		70A2701B1D45A01E000D0880 /* Solve.h */ = {isa = PBXFileReference; fileEncoding = 4; lastKnownFileType = sourcecode.c.h; path = Solve.h; sourceTree = "<group>"; };
		70A2701C1D45A01E000D0880 /* SparseSolve.h */ = {isa = PBXFileReference; fileEncoding = 4; lastKnownFileType = sourcecode.c.h; path = SparseSolve.h; sourceTree = "<group>"; };
		70A2701E1D45A01E000D0880 /* Amd.h */ = {isa = PBXFileReference; fileEncoding = 4; lastKnownFileType = sourcecode.c.h; path = Amd.h; sourceTree = "<group>"; };
		70A2701F1D45A01E000D0880 /* CMakeLists.txt */ = {isa = PBXFileReference; fileEncoding = 4; lastKnownFileType = text; path = CMakeLists.txt; sourceTree = "<group>"; };
		70A270201D45A01E000D0880 /* Eigen_Colamd.h */ = {isa = PBXFileReference; fileEncoding = 4; lastKnownFileType = sourcecode.c.h; path = Eigen_Colamd.h; sourceTree = "<group>"; };
		70A270211D45A01E000D0880 /* Ordering.h */ = {isa = PBXFileReference; fileEncoding = 4; lastKnownFileType = sourcecode.c.h; path = Ordering.h; sourceTree = "<group>"; };
		70A270231D45A01E000D0880 /* CMakeLists.txt */ = {isa = PBXFileReference; fileEncoding = 4; lastKnownFileType = text; path = CMakeLists.txt; sourceTree = "<group>"; };
		70A270241D45A01E000D0880 /* PardisoSupport.h */ = {isa = PBXFileReference; fileEncoding = 4; lastKnownFileType = sourcecode.c.h; path = PardisoSupport.h; sourceTree = "<group>"; };
		70A270261D45A01E000D0880 /* CMakeLists.txt */ = {isa = PBXFileReference; fileEncoding = 4; lastKnownFileType = text; path = CMakeLists.txt; sourceTree = "<group>"; };
		70A270271D45A01E000D0880 /* PaStiXSupport.h */ = {isa = PBXFileReference; fileEncoding = 4; lastKnownFileType = sourcecode.c.h; path = PaStiXSupport.h; sourceTree = "<group>"; };
		70A270291D45A01F000D0880 /* ArrayCwiseBinaryOps.h */ = {isa = PBXFileReference; fileEncoding = 4; lastKnownFileType = sourcecode.c.h; path = ArrayCwiseBinaryOps.h; sourceTree = "<group>"; };
		70A2702A1D45A01F000D0880 /* ArrayCwiseUnaryOps.h */ = {isa = PBXFileReference; fileEncoding = 4; lastKnownFileType = sourcecode.c.h; path = ArrayCwiseUnaryOps.h; sourceTree = "<group>"; };
		70A2702B1D45A01F000D0880 /* BlockMethods.h */ = {isa = PBXFileReference; fileEncoding = 4; lastKnownFileType = sourcecode.c.h; path = BlockMethods.h; sourceTree = "<group>"; };
		70A2702C1D45A01F000D0880 /* CMakeLists.txt */ = {isa = PBXFileReference; fileEncoding = 4; lastKnownFileType = text; path = CMakeLists.txt; sourceTree = "<group>"; };
		70A2702D1D45A01F000D0880 /* CommonCwiseBinaryOps.h */ = {isa = PBXFileReference; fileEncoding = 4; lastKnownFileType = sourcecode.c.h; path = CommonCwiseBinaryOps.h; sourceTree = "<group>"; };
		70A2702E1D45A01F000D0880 /* CommonCwiseUnaryOps.h */ = {isa = PBXFileReference; fileEncoding = 4; lastKnownFileType = sourcecode.c.h; path = CommonCwiseUnaryOps.h; sourceTree = "<group>"; };
		70A2702F1D45A01F000D0880 /* MatrixCwiseBinaryOps.h */ = {isa = PBXFileReference; fileEncoding = 4; lastKnownFileType = sourcecode.c.h; path = MatrixCwiseBinaryOps.h; sourceTree = "<group>"; };
		70A270301D45A01F000D0880 /* MatrixCwiseUnaryOps.h */ = {isa = PBXFileReference; fileEncoding = 4; lastKnownFileType = sourcecode.c.h; path = MatrixCwiseUnaryOps.h; sourceTree = "<group>"; };
		70A270321D45A01F000D0880 /* CMakeLists.txt */ = {isa = PBXFileReference; fileEncoding = 4; lastKnownFileType = text; path = CMakeLists.txt; sourceTree = "<group>"; };
		70A270331D45A01F000D0880 /* ColPivHouseholderQR.h */ = {isa = PBXFileReference; fileEncoding = 4; lastKnownFileType = sourcecode.c.h; path = ColPivHouseholderQR.h; sourceTree = "<group>"; };
		70A270341D45A01F000D0880 /* ColPivHouseholderQR_MKL.h */ = {isa = PBXFileReference; fileEncoding = 4; lastKnownFileType = sourcecode.c.h; path = ColPivHouseholderQR_MKL.h; sourceTree = "<group>"; };
		70A270351D45A01F000D0880 /* FullPivHouseholderQR.h */ = {isa = PBXFileReference; fileEncoding = 4; lastKnownFileType = sourcecode.c.h; path = FullPivHouseholderQR.h; sourceTree = "<group>"; };
		70A270361D45A01F000D0880 /* HouseholderQR.h */ = {isa = PBXFileReference; fileEncoding = 4; lastKnownFileType = sourcecode.c.h; path = HouseholderQR.h; sourceTree = "<group>"; };
		70A270371D45A01F000D0880 /* HouseholderQR_MKL.h */ = {isa = PBXFileReference; fileEncoding = 4; lastKnownFileType = sourcecode.c.h; path = HouseholderQR_MKL.h; sourceTree = "<group>"; };
		70A270391D45A01F000D0880 /* CMakeLists.txt */ = {isa = PBXFileReference; fileEncoding = 4; lastKnownFileType = text; path = CMakeLists.txt; sourceTree = "<group>"; };
		70A2703A1D45A01F000D0880 /* SimplicialCholesky.h */ = {isa = PBXFileReference; fileEncoding = 4; lastKnownFileType = sourcecode.c.h; path = SimplicialCholesky.h; sourceTree = "<group>"; };
		70A2703B1D45A01F000D0880 /* SimplicialCholesky_impl.h */ = {isa = PBXFileReference; fileEncoding = 4; lastKnownFileType = sourcecode.c.h; path = SimplicialCholesky_impl.h; sourceTree = "<group>"; };
		70A2703D1D45A01F000D0880 /* AmbiVector.h */ = {isa = PBXFileReference; fileEncoding = 4; lastKnownFileType = sourcecode.c.h; path = AmbiVector.h; sourceTree = "<group>"; };
		70A2703E1D45A01F000D0880 /* CMakeLists.txt */ = {isa = PBXFileReference; fileEncoding = 4; lastKnownFileType = text; path = CMakeLists.txt; sourceTree = "<group>"; };
		70A2703F1D45A01F000D0880 /* CompressedStorage.h */ = {isa = PBXFileReference; fileEncoding = 4; lastKnownFileType = sourcecode.c.h; path = CompressedStorage.h; sourceTree = "<group>"; };
		70A270401D45A01F000D0880 /* ConservativeSparseSparseProduct.h */ = {isa = PBXFileReference; fileEncoding = 4; lastKnownFileType = sourcecode.c.h; path = ConservativeSparseSparseProduct.h; sourceTree = "<group>"; };
		70A270411D45A01F000D0880 /* MappedSparseMatrix.h */ = {isa = PBXFileReference; fileEncoding = 4; lastKnownFileType = sourcecode.c.h; path = MappedSparseMatrix.h; sourceTree = "<group>"; };
		70A270421D45A01F000D0880 /* SparseBlock.h */ = {isa = PBXFileReference; fileEncoding = 4; lastKnownFileType = sourcecode.c.h; path = SparseBlock.h; sourceTree = "<group>"; };
		70A270431D45A01F000D0880 /* SparseColEtree.h */ = {isa = PBXFileReference; fileEncoding = 4; lastKnownFileType = sourcecode.c.h; path = SparseColEtree.h; sourceTree = "<group>"; };
		70A270441D45A01F000D0880 /* SparseCwiseBinaryOp.h */ = {isa = PBXFileReference; fileEncoding = 4; lastKnownFileType = sourcecode.c.h; path = SparseCwiseBinaryOp.h; sourceTree = "<group>"; };
		70A270451D45A01F000D0880 /* SparseCwiseUnaryOp.h */ = {isa = PBXFileReference; fileEncoding = 4; lastKnownFileType = sourcecode.c.h; path = SparseCwiseUnaryOp.h; sourceTree = "<group>"; };
		70A270461D45A01F000D0880 /* SparseDenseProduct.h */ = {isa = PBXFileReference; fileEncoding = 4; lastKnownFileType = sourcecode.c.h; path = SparseDenseProduct.h; sourceTree = "<group>"; };
		70A270471D45A01F000D0880 /* SparseDiagonalProduct.h */ = {isa = PBXFileReference; fileEncoding = 4; lastKnownFileType = sourcecode.c.h; path = SparseDiagonalProduct.h; sourceTree = "<group>"; };
		70A270481D45A01F000D0880 /* SparseDot.h */ = {isa = PBXFileReference; fileEncoding = 4; lastKnownFileType = sourcecode.c.h; path = SparseDot.h; sourceTree = "<group>"; };
		70A270491D45A01F000D0880 /* SparseFuzzy.h */ = {isa = PBXFileReference; fileEncoding = 4; lastKnownFileType = sourcecode.c.h; path = SparseFuzzy.h; sourceTree = "<group>"; };
		70A2704A1D45A01F000D0880 /* SparseMatrix.h */ = {isa = PBXFileReference; fileEncoding = 4; lastKnownFileType = sourcecode.c.h; path = SparseMatrix.h; sourceTree = "<group>"; };
		70A2704B1D45A01F000D0880 /* SparseMatrixBase.h */ = {isa = PBXFileReference; fileEncoding = 4; lastKnownFileType = sourcecode.c.h; path = SparseMatrixBase.h; sourceTree = "<group>"; };
		70A2704C1D45A01F000D0880 /* SparsePermutation.h */ = {isa = PBXFileReference; fileEncoding = 4; lastKnownFileType = sourcecode.c.h; path = SparsePermutation.h; sourceTree = "<group>"; };
		70A2704D1D45A01F000D0880 /* SparseProduct.h */ = {isa = PBXFileReference; fileEncoding = 4; lastKnownFileType = sourcecode.c.h; path = SparseProduct.h; sourceTree = "<group>"; };
		70A2704E1D45A01F000D0880 /* SparseRedux.h */ = {isa = PBXFileReference; fileEncoding = 4; lastKnownFileType = sourcecode.c.h; path = SparseRedux.h; sourceTree = "<group>"; };
		70A2704F1D45A01F000D0880 /* SparseSelfAdjointView.h */ = {isa = PBXFileReference; fileEncoding = 4; lastKnownFileType = sourcecode.c.h; path = SparseSelfAdjointView.h; sourceTree = "<group>"; };
		70A270501D45A01F000D0880 /* SparseSparseProductWithPruning.h */ = {isa = PBXFileReference; fileEncoding = 4; lastKnownFileType = sourcecode.c.h; path = SparseSparseProductWithPruning.h; sourceTree = "<group>"; };
		70A270511D45A01F000D0880 /* SparseTranspose.h */ = {isa = PBXFileReference; fileEncoding = 4; lastKnownFileType = sourcecode.c.h; path = SparseTranspose.h; sourceTree = "<group>"; };
		70A270521D45A01F000D0880 /* SparseTriangularView.h */ = {isa = PBXFileReference; fileEncoding = 4; lastKnownFileType = sourcecode.c.h; path = SparseTriangularView.h; sourceTree = "<group>"; };
		70A270531D45A01F000D0880 /* SparseUtil.h */ = {isa = PBXFileReference; fileEncoding = 4; lastKnownFileType = sourcecode.c.h; path = SparseUtil.h; sourceTree = "<group>"; };
		70A270541D45A01F000D0880 /* SparseVector.h */ = {isa = PBXFileReference; fileEncoding = 4; lastKnownFileType = sourcecode.c.h; path = SparseVector.h; sourceTree = "<group>"; };
		70A270551D45A01F000D0880 /* SparseView.h */ = {isa = PBXFileReference; fileEncoding = 4; lastKnownFileType = sourcecode.c.h; path = SparseView.h; sourceTree = "<group>"; };
		70A270561D45A01F000D0880 /* TriangularSolver.h */ = {isa = PBXFileReference; fileEncoding = 4; lastKnownFileType = sourcecode.c.h; path = TriangularSolver.h; sourceTree = "<group>"; };
		70A270581D45A01F000D0880 /* CMakeLists.txt */ = {isa = PBXFileReference; fileEncoding = 4; lastKnownFileType = text; path = CMakeLists.txt; sourceTree = "<group>"; };
		70A270591D45A01F000D0880 /* SparseLU.h */ = {isa = PBXFileReference; fileEncoding = 4; lastKnownFileType = sourcecode.c.h; path = SparseLU.h; sourceTree = "<group>"; };
		70A2705A1D45A01F000D0880 /* SparseLU_column_bmod.h */ = {isa = PBXFileReference; fileEncoding = 4; lastKnownFileType = sourcecode.c.h; path = SparseLU_column_bmod.h; sourceTree = "<group>"; };
		70A2705B1D45A01F000D0880 /* SparseLU_column_dfs.h */ = {isa = PBXFileReference; fileEncoding = 4; lastKnownFileType = sourcecode.c.h; path = SparseLU_column_dfs.h; sourceTree = "<group>"; };
		70A2705C1D45A01F000D0880 /* SparseLU_copy_to_ucol.h */ = {isa = PBXFileReference; fileEncoding = 4; lastKnownFileType = sourcecode.c.h; path = SparseLU_copy_to_ucol.h; sourceTree = "<group>"; };
		70A2705D1D45A01F000D0880 /* SparseLU_gemm_kernel.h */ = {isa = PBXFileReference; fileEncoding = 4; lastKnownFileType = sourcecode.c.h; path = SparseLU_gemm_kernel.h; sourceTree = "<group>"; };
		70A2705E1D45A01F000D0880 /* SparseLU_heap_relax_snode.h */ = {isa = PBXFileReference; fileEncoding = 4; lastKnownFileType = sourcecode.c.h; path = SparseLU_heap_relax_snode.h; sourceTree = "<group>"; };
		70A2705F1D45A01F000D0880 /* SparseLU_kernel_bmod.h */ = {isa = PBXFileReference; fileEncoding = 4; lastKnownFileType = sourcecode.c.h; path = SparseLU_kernel_bmod.h; sourceTree = "<group>"; };
		70A270601D45A01F000D0880 /* SparseLU_Memory.h */ = {isa = PBXFileReference; fileEncoding = 4; lastKnownFileType = sourcecode.c.h; path = SparseLU_Memory.h; sourceTree = "<group>"; };
		70A270611D45A01F000D0880 /* SparseLU_panel_bmod.h */ = {isa = PBXFileReference; fileEncoding = 4; lastKnownFileType = sourcecode.c.h; path = SparseLU_panel_bmod.h; sourceTree = "<group>"; };
		70A270621D45A01F000D0880 /* SparseLU_panel_dfs.h */ = {isa = PBXFileReference; fileEncoding = 4; lastKnownFileType = sourcecode.c.h; path = SparseLU_panel_dfs.h; sourceTree = "<group>"; };
		70A270631D45A01F000D0880 /* SparseLU_pivotL.h */ = {isa = PBXFileReference; fileEncoding = 4; lastKnownFileType = sourcecode.c.h; path = SparseLU_pivotL.h; sourceTree = "<group>"; };
		70A270641D45A01F000D0880 /* SparseLU_pruneL.h */ = {isa = PBXFileReference; fileEncoding = 4; lastKnownFileType = sourcecode.c.h; path = SparseLU_pruneL.h; sourceTree = "<group>"; };
		70A270651D45A01F000D0880 /* SparseLU_relax_snode.h */ = {isa = PBXFileReference; fileEncoding = 4; lastKnownFileType = sourcecode.c.h; path = SparseLU_relax_snode.h; sourceTree = "<group>"; };
		70A270661D45A01F000D0880 /* SparseLU_Structs.h */ = {isa = PBXFileReference; fileEncoding = 4; lastKnownFileType = sourcecode.c.h; path = SparseLU_Structs.h; sourceTree = "<group>"; };
		70A270671D45A01F000D0880 /* SparseLU_SupernodalMatrix.h */ = {isa = PBXFileReference; fileEncoding = 4; lastKnownFileType = sourcecode.c.h; path = SparseLU_SupernodalMatrix.h; sourceTree = "<group>"; };
		70A270681D45A01F000D0880 /* SparseLU_Utils.h */ = {isa = PBXFileReference; fileEncoding = 4; lastKnownFileType = sourcecode.c.h; path = SparseLU_Utils.h; sourceTree = "<group>"; };
		70A270691D45A01F000D0880 /* SparseLUImpl.h */ = {isa = PBXFileReference; fileEncoding = 4; lastKnownFileType = sourcecode.c.h; path = SparseLUImpl.h; sourceTree = "<group>"; };
		70A2706B1D45A01F000D0880 /* CMakeLists.txt */ = {isa = PBXFileReference; fileEncoding = 4; lastKnownFileType = text; path = CMakeLists.txt; sourceTree = "<group>"; };
		70A2706C1D45A01F000D0880 /* SparseQR.h */ = {isa = PBXFileReference; fileEncoding = 4; lastKnownFileType = sourcecode.c.h; path = SparseQR.h; sourceTree = "<group>"; };
		70A2706E1D45A01F000D0880 /* CMakeLists.txt */ = {isa = PBXFileReference; fileEncoding = 4; lastKnownFileType = text; path = CMakeLists.txt; sourceTree = "<group>"; };
		70A2706F1D45A01F000D0880 /* SuiteSparseQRSupport.h */ = {isa = PBXFileReference; fileEncoding = 4; lastKnownFileType = sourcecode.c.h; path = SuiteSparseQRSupport.h; sourceTree = "<group>"; };
		70A270711D45A01F000D0880 /* CMakeLists.txt */ = {isa = PBXFileReference; fileEncoding = 4; lastKnownFileType = text; path = CMakeLists.txt; sourceTree = "<group>"; };
		70A270721D45A01F000D0880 /* details.h */ = {isa = PBXFileReference; fileEncoding = 4; lastKnownFileType = sourcecode.c.h; path = details.h; sourceTree = "<group>"; };
		70A270731D45A01F000D0880 /* StdDeque.h */ = {isa = PBXFileReference; fileEncoding = 4; lastKnownFileType = sourcecode.c.h; path = StdDeque.h; sourceTree = "<group>"; };
		70A270741D45A01F000D0880 /* StdList.h */ = {isa = PBXFileReference; fileEncoding = 4; lastKnownFileType = sourcecode.c.h; path = StdList.h; sourceTree = "<group>"; };
		70A270751D45A01F000D0880 /* StdVector.h */ = {isa = PBXFileReference; fileEncoding = 4; lastKnownFileType = sourcecode.c.h; path = StdVector.h; sourceTree = "<group>"; };
		70A270771D45A01F000D0880 /* CMakeLists.txt */ = {isa = PBXFileReference; fileEncoding = 4; lastKnownFileType = text; path = CMakeLists.txt; sourceTree = "<group>"; };
		70A270781D45A01F000D0880 /* SuperLUSupport.h */ = {isa = PBXFileReference; fileEncoding = 4; lastKnownFileType = sourcecode.c.h; path = SuperLUSupport.h; sourceTree = "<group>"; };
		70A2707A1D45A01F000D0880 /* CMakeLists.txt */ = {isa = PBXFileReference; fileEncoding = 4; lastKnownFileType = text; path = CMakeLists.txt; sourceTree = "<group>"; };
		70A2707B1D45A01F000D0880 /* JacobiSVD.h */ = {isa = PBXFileReference; fileEncoding = 4; lastKnownFileType = sourcecode.c.h; path = JacobiSVD.h; sourceTree = "<group>"; };
		70A2707C1D45A01F000D0880 /* JacobiSVD_MKL.h */ = {isa = PBXFileReference; fileEncoding = 4; lastKnownFileType = sourcecode.c.h; path = JacobiSVD_MKL.h; sourceTree = "<group>"; };
		70A2707D1D45A01F000D0880 /* UpperBidiagonalization.h */ = {isa = PBXFileReference; fileEncoding = 4; lastKnownFileType = sourcecode.c.h; path = UpperBidiagonalization.h; sourceTree = "<group>"; };
		70A2707F1D45A01F000D0880 /* CMakeLists.txt */ = {isa = PBXFileReference; fileEncoding = 4; lastKnownFileType = text; path = CMakeLists.txt; sourceTree = "<group>"; };
		70A270801D45A01F000D0880 /* UmfPackSupport.h */ = {isa = PBXFileReference; fileEncoding = 4; lastKnownFileType = sourcecode.c.h; path = UmfPackSupport.h; sourceTree = "<group>"; };
		70A270811D45A01F000D0880 /* StdDeque */ = {isa = PBXFileReference; fileEncoding = 4; lastKnownFileType = text; path = StdDeque; sourceTree = "<group>"; };
		70A270821D45A01F000D0880 /* StdList */ = {isa = PBXFileReference; fileEncoding = 4; lastKnownFileType = text; path = StdList; sourceTree = "<group>"; };
		70A270831D45A01F000D0880 /* StdVector */ = {isa = PBXFileReference; fileEncoding = 4; lastKnownFileType = text; path = StdVector; sourceTree = "<group>"; };
		70A270841D45A01F000D0880 /* SuperLUSupport */ = {isa = PBXFileReference; fileEncoding = 4; lastKnownFileType = text; path = SuperLUSupport; sourceTree = "<group>"; };
		70A270851D45A01F000D0880 /* SVD */ = {isa = PBXFileReference; fileEncoding = 4; lastKnownFileType = text; path = SVD; sourceTree = "<group>"; };
		70A270861D45A01F000D0880 /* UmfPackSupport */ = {isa = PBXFileReference; fileEncoding = 4; lastKnownFileType = text; path = UmfPackSupport; sourceTree = "<group>"; };
		70A270871D45A634000D0880 /* test_affine.cpp */ = {isa = PBXFileReference; fileEncoding = 4; lastKnownFileType = sourcecode.cpp.cpp; path = test_affine.cpp; sourceTree = "<group>"; };
		70A270891D45A680000D0880 /* DrawUtil.cpp */ = {isa = PBXFileReference; fileEncoding = 4; lastKnownFileType = sourcecode.cpp.cpp; path = DrawUtil.cpp; sourceTree = "<group>"; };
		70A2708A1D45A680000D0880 /* DrawUtil.h */ = {isa = PBXFileReference; fileEncoding = 4; lastKnownFileType = sourcecode.c.h; path = DrawUtil.h; sourceTree = "<group>"; };
		70A2708C1D45EA0C000D0880 /* FiltUtil.cpp */ = {isa = PBXFileReference; fileEncoding = 4; lastKnownFileType = sourcecode.cpp.cpp; path = FiltUtil.cpp; sourceTree = "<group>"; };
		70A2708D1D45EA0C000D0880 /* FiltUtil.h */ = {isa = PBXFileReference; fileEncoding = 4; lastKnownFileType = sourcecode.c.h; path = FiltUtil.h; sourceTree = "<group>"; };
		70A270901D45EF7D000D0880 /* DataProc.cpp */ = {isa = PBXFileReference; fileEncoding = 4; lastKnownFileType = sourcecode.cpp.cpp; path = DataProc.cpp; sourceTree = "<group>"; };
		70A270911D45EF7D000D0880 /* DataProc.h */ = {isa = PBXFileReference; fileEncoding = 4; lastKnownFileType = sourcecode.c.h; path = DataProc.h; sourceTree = "<group>"; };
		70A270931D46553D000D0880 /* SVGWrap.cpp */ = {isa = PBXFileReference; fileEncoding = 4; lastKnownFileType = sourcecode.cpp.cpp; path = SVGWrap.cpp; sourceTree = "<group>"; };
		70A270941D46553D000D0880 /* SVGWrap.h */ = {isa = PBXFileReference; fileEncoding = 4; lastKnownFileType = sourcecode.c.h; path = SVGWrap.h; sourceTree = "<group>"; };
/* End PBXFileReference section */

/* Begin PBXFrameworksBuildPhase section */
		70A26F041D459DD1000D0880 /* Frameworks */ = {
			isa = PBXFrameworksBuildPhase;
			buildActionMask = 2147483647;
			files = (
			);
			runOnlyForDeploymentPostprocessing = 0;
		};
/* End PBXFrameworksBuildPhase section */

/* Begin PBXGroup section */
		70A26EFE1D459DD1000D0880 = {
			isa = PBXGroup;
			children = (
				70A26F091D459DD1000D0880 /* face1 */,
				70A26F081D459DD1000D0880 /* Products */,
			);
			sourceTree = "<group>";
		};
		70A26F081D459DD1000D0880 /* Products */ = {
			isa = PBXGroup;
			children = (
				70A26F071D459DD1000D0880 /* face1 */,
			);
			name = Products;
			sourceTree = "<group>";
		};
		70A26F091D459DD1000D0880 /* face1 */ = {
			isa = PBXGroup;
			children = (
				70A26F1D1D45A01E000D0880 /* Eigen */,
				70A26F0A1D459DD1000D0880 /* main.cpp */,
				70A26F111D459EA9000D0880 /* AffineTransform.cpp */,
				70A26F121D459EA9000D0880 /* AffineTransform.h */,
				70A26F141D459EBF000D0880 /* Triangular.cpp */,
				70A26F151D459EBF000D0880 /* Triangular.h */,
				70A26F171D459ECE000D0880 /* Morphing.cpp */,
				70A26F181D459ECE000D0880 /* Morphing.h */,
				70A26F1A1D459EE5000D0880 /* BezierUtil.cpp */,
				70A26F1B1D459EE5000D0880 /* BezierUtil.h */,
				70A270871D45A634000D0880 /* test_affine.cpp */,
				70A270891D45A680000D0880 /* DrawUtil.cpp */,
				70A2708A1D45A680000D0880 /* DrawUtil.h */,
				70A2708C1D45EA0C000D0880 /* FiltUtil.cpp */,
				70A2708D1D45EA0C000D0880 /* FiltUtil.h */,
				70A270901D45EF7D000D0880 /* DataProc.cpp */,
				70A270911D45EF7D000D0880 /* DataProc.h */,
				70A270931D46553D000D0880 /* SVGWrap.cpp */,
				70A270941D46553D000D0880 /* SVGWrap.h */,
			);
			path = face1;
			sourceTree = "<group>";
		};
		70A26F1D1D45A01E000D0880 /* Eigen */ = {
			isa = PBXGroup;
			children = (
				70A26F1E1D45A01E000D0880 /* Array */,
				70A26F1F1D45A01E000D0880 /* Cholesky */,
				70A26F201D45A01E000D0880 /* CholmodSupport */,
				70A26F211D45A01E000D0880 /* CMakeLists.txt */,
				70A26F221D45A01E000D0880 /* Core */,
				70A26F231D45A01E000D0880 /* Dense */,
				70A26F241D45A01E000D0880 /* Eigen */,
				70A26F251D45A01E000D0880 /* Eigen2Support */,
				70A26F261D45A01E000D0880 /* Eigenvalues */,
				70A26F271D45A01E000D0880 /* Geometry */,
				70A26F281D45A01E000D0880 /* Householder */,
				70A26F291D45A01E000D0880 /* IterativeLinearSolvers */,
				70A26F2A1D45A01E000D0880 /* Jacobi */,
				70A26F2B1D45A01E000D0880 /* LeastSquares */,
				70A26F2C1D45A01E000D0880 /* LU */,
				70A26F2D1D45A01E000D0880 /* MetisSupport */,
				70A26F2E1D45A01E000D0880 /* OrderingMethods */,
				70A26F2F1D45A01E000D0880 /* PardisoSupport */,
				70A26F301D45A01E000D0880 /* PaStiXSupport */,
				70A26F311D45A01E000D0880 /* QR */,
				70A26F321D45A01E000D0880 /* QtAlignedMalloc */,
				70A26F331D45A01E000D0880 /* Sparse */,
				70A26F341D45A01E000D0880 /* SparseCholesky */,
				70A26F351D45A01E000D0880 /* SparseCore */,
				70A26F361D45A01E000D0880 /* SparseLU */,
				70A26F371D45A01E000D0880 /* SparseQR */,
				70A26F381D45A01E000D0880 /* SPQRSupport */,
				70A26F391D45A01E000D0880 /* src */,
				70A270811D45A01F000D0880 /* StdDeque */,
				70A270821D45A01F000D0880 /* StdList */,
				70A270831D45A01F000D0880 /* StdVector */,
				70A270841D45A01F000D0880 /* SuperLUSupport */,
				70A270851D45A01F000D0880 /* SVD */,
				70A270861D45A01F000D0880 /* UmfPackSupport */,
			);
			path = Eigen;
			sourceTree = "<group>";
		};
		70A26F391D45A01E000D0880 /* src */ = {
			isa = PBXGroup;
			children = (
				70A26F3A1D45A01E000D0880 /* Cholesky */,
				70A26F3F1D45A01E000D0880 /* CholmodSupport */,
				70A26F421D45A01E000D0880 /* CMakeLists.txt */,
				70A26F431D45A01E000D0880 /* Core */,
				70A26FB91D45A01E000D0880 /* Eigen2Support */,
				70A26FD71D45A01E000D0880 /* Eigenvalues */,
				70A26FE71D45A01E000D0880 /* Geometry */,
				70A26FFA1D45A01E000D0880 /* Householder */,
				70A26FFF1D45A01E000D0880 /* IterativeLinearSolvers */,
				70A270061D45A01E000D0880 /* Jacobi */,
				70A270091D45A01E000D0880 /* LU */,
				70A270131D45A01E000D0880 /* MetisSupport */,
				70A270161D45A01E000D0880 /* misc */,
				70A2701D1D45A01E000D0880 /* OrderingMethods */,
				70A270221D45A01E000D0880 /* PardisoSupport */,
				70A270251D45A01E000D0880 /* PaStiXSupport */,
				70A270281D45A01E000D0880 /* plugins */,
				70A270311D45A01F000D0880 /* QR */,
				70A270381D45A01F000D0880 /* SparseCholesky */,
				70A2703C1D45A01F000D0880 /* SparseCore */,
				70A270571D45A01F000D0880 /* SparseLU */,
				70A2706A1D45A01F000D0880 /* SparseQR */,
				70A2706D1D45A01F000D0880 /* SPQRSupport */,
				70A270701D45A01F000D0880 /* StlSupport */,
				70A270761D45A01F000D0880 /* SuperLUSupport */,
				70A270791D45A01F000D0880 /* SVD */,
				70A2707E1D45A01F000D0880 /* UmfPackSupport */,
			);
			path = src;
			sourceTree = "<group>";
		};
		70A26F3A1D45A01E000D0880 /* Cholesky */ = {
			isa = PBXGroup;
			children = (
				70A26F3B1D45A01E000D0880 /* CMakeLists.txt */,
				70A26F3C1D45A01E000D0880 /* LDLT.h */,
				70A26F3D1D45A01E000D0880 /* LLT.h */,
				70A26F3E1D45A01E000D0880 /* LLT_MKL.h */,
			);
			path = Cholesky;
			sourceTree = "<group>";
		};
		70A26F3F1D45A01E000D0880 /* CholmodSupport */ = {
			isa = PBXGroup;
			children = (
				70A26F401D45A01E000D0880 /* CholmodSupport.h */,
				70A26F411D45A01E000D0880 /* CMakeLists.txt */,
			);
			path = CholmodSupport;
			sourceTree = "<group>";
		};
		70A26F431D45A01E000D0880 /* Core */ = {
			isa = PBXGroup;
			children = (
				70A26F441D45A01E000D0880 /* arch */,
				70A26F561D45A01E000D0880 /* Array.h */,
				70A26F571D45A01E000D0880 /* ArrayBase.h */,
				70A26F581D45A01E000D0880 /* ArrayWrapper.h */,
				70A26F591D45A01E000D0880 /* Assign.h */,
				70A26F5A1D45A01E000D0880 /* Assign_MKL.h */,
				70A26F5B1D45A01E000D0880 /* BandMatrix.h */,
				70A26F5C1D45A01E000D0880 /* Block.h */,
				70A26F5D1D45A01E000D0880 /* BooleanRedux.h */,
				70A26F5E1D45A01E000D0880 /* CMakeLists.txt */,
				70A26F5F1D45A01E000D0880 /* CommaInitializer.h */,
				70A26F601D45A01E000D0880 /* CoreIterators.h */,
				70A26F611D45A01E000D0880 /* CwiseBinaryOp.h */,
				70A26F621D45A01E000D0880 /* CwiseNullaryOp.h */,
				70A26F631D45A01E000D0880 /* CwiseUnaryOp.h */,
				70A26F641D45A01E000D0880 /* CwiseUnaryView.h */,
				70A26F651D45A01E000D0880 /* DenseBase.h */,
				70A26F661D45A01E000D0880 /* DenseCoeffsBase.h */,
				70A26F671D45A01E000D0880 /* DenseStorage.h */,
				70A26F681D45A01E000D0880 /* Diagonal.h */,
				70A26F691D45A01E000D0880 /* DiagonalMatrix.h */,
				70A26F6A1D45A01E000D0880 /* DiagonalProduct.h */,
				70A26F6B1D45A01E000D0880 /* Dot.h */,
				70A26F6C1D45A01E000D0880 /* EigenBase.h */,
				70A26F6D1D45A01E000D0880 /* Flagged.h */,
				70A26F6E1D45A01E000D0880 /* ForceAlignedAccess.h */,
				70A26F6F1D45A01E000D0880 /* Functors.h */,
				70A26F701D45A01E000D0880 /* Fuzzy.h */,
				70A26F711D45A01E000D0880 /* GeneralProduct.h */,
				70A26F721D45A01E000D0880 /* GenericPacketMath.h */,
				70A26F731D45A01E000D0880 /* GlobalFunctions.h */,
				70A26F741D45A01E000D0880 /* IO.h */,
				70A26F751D45A01E000D0880 /* Map.h */,
				70A26F761D45A01E000D0880 /* MapBase.h */,
				70A26F771D45A01E000D0880 /* MathFunctions.h */,
				70A26F781D45A01E000D0880 /* Matrix.h */,
				70A26F791D45A01E000D0880 /* MatrixBase.h */,
				70A26F7A1D45A01E000D0880 /* NestByValue.h */,
				70A26F7B1D45A01E000D0880 /* NoAlias.h */,
				70A26F7C1D45A01E000D0880 /* NumTraits.h */,
				70A26F7D1D45A01E000D0880 /* PermutationMatrix.h */,
				70A26F7E1D45A01E000D0880 /* PlainObjectBase.h */,
				70A26F7F1D45A01E000D0880 /* ProductBase.h */,
				70A26F801D45A01E000D0880 /* products */,
				70A26F981D45A01E000D0880 /* Random.h */,
				70A26F991D45A01E000D0880 /* Redux.h */,
				70A26F9A1D45A01E000D0880 /* Ref.h */,
				70A26F9B1D45A01E000D0880 /* Replicate.h */,
				70A26F9C1D45A01E000D0880 /* ReturnByValue.h */,
				70A26F9D1D45A01E000D0880 /* Reverse.h */,
				70A26F9E1D45A01E000D0880 /* Select.h */,
				70A26F9F1D45A01E000D0880 /* SelfAdjointView.h */,
				70A26FA01D45A01E000D0880 /* SelfCwiseBinaryOp.h */,
				70A26FA11D45A01E000D0880 /* SolveTriangular.h */,
				70A26FA21D45A01E000D0880 /* StableNorm.h */,
				70A26FA31D45A01E000D0880 /* Stride.h */,
				70A26FA41D45A01E000D0880 /* Swap.h */,
				70A26FA51D45A01E000D0880 /* Transpose.h */,
				70A26FA61D45A01E000D0880 /* Transpositions.h */,
				70A26FA71D45A01E000D0880 /* TriangularMatrix.h */,
				70A26FA81D45A01E000D0880 /* util */,
				70A26FB61D45A01E000D0880 /* VectorBlock.h */,
				70A26FB71D45A01E000D0880 /* VectorwiseOp.h */,
				70A26FB81D45A01E000D0880 /* Visitor.h */,
			);
			path = Core;
			sourceTree = "<group>";
		};
		70A26F441D45A01E000D0880 /* arch */ = {
			isa = PBXGroup;
			children = (
				70A26F451D45A01E000D0880 /* AltiVec */,
				70A26F491D45A01E000D0880 /* CMakeLists.txt */,
				70A26F4A1D45A01E000D0880 /* Default */,
				70A26F4D1D45A01E000D0880 /* NEON */,
				70A26F511D45A01E000D0880 /* SSE */,
			);
			path = arch;
			sourceTree = "<group>";
		};
		70A26F451D45A01E000D0880 /* AltiVec */ = {
			isa = PBXGroup;
			children = (
				70A26F461D45A01E000D0880 /* CMakeLists.txt */,
				70A26F471D45A01E000D0880 /* Complex.h */,
				70A26F481D45A01E000D0880 /* PacketMath.h */,
			);
			path = AltiVec;
			sourceTree = "<group>";
		};
		70A26F4A1D45A01E000D0880 /* Default */ = {
			isa = PBXGroup;
			children = (
				70A26F4B1D45A01E000D0880 /* CMakeLists.txt */,
				70A26F4C1D45A01E000D0880 /* Settings.h */,
			);
			path = Default;
			sourceTree = "<group>";
		};
		70A26F4D1D45A01E000D0880 /* NEON */ = {
			isa = PBXGroup;
			children = (
				70A26F4E1D45A01E000D0880 /* CMakeLists.txt */,
				70A26F4F1D45A01E000D0880 /* Complex.h */,
				70A26F501D45A01E000D0880 /* PacketMath.h */,
			);
			path = NEON;
			sourceTree = "<group>";
		};
		70A26F511D45A01E000D0880 /* SSE */ = {
			isa = PBXGroup;
			children = (
				70A26F521D45A01E000D0880 /* CMakeLists.txt */,
				70A26F531D45A01E000D0880 /* Complex.h */,
				70A26F541D45A01E000D0880 /* MathFunctions.h */,
				70A26F551D45A01E000D0880 /* PacketMath.h */,
			);
			path = SSE;
			sourceTree = "<group>";
		};
		70A26F801D45A01E000D0880 /* products */ = {
			isa = PBXGroup;
			children = (
				70A26F811D45A01E000D0880 /* CMakeLists.txt */,
				70A26F821D45A01E000D0880 /* CoeffBasedProduct.h */,
				70A26F831D45A01E000D0880 /* GeneralBlockPanelKernel.h */,
				70A26F841D45A01E000D0880 /* GeneralMatrixMatrix.h */,
				70A26F851D45A01E000D0880 /* GeneralMatrixMatrix_MKL.h */,
				70A26F861D45A01E000D0880 /* GeneralMatrixMatrixTriangular.h */,
				70A26F871D45A01E000D0880 /* GeneralMatrixMatrixTriangular_MKL.h */,
				70A26F881D45A01E000D0880 /* GeneralMatrixVector.h */,
				70A26F891D45A01E000D0880 /* GeneralMatrixVector_MKL.h */,
				70A26F8A1D45A01E000D0880 /* Parallelizer.h */,
				70A26F8B1D45A01E000D0880 /* SelfadjointMatrixMatrix.h */,
				70A26F8C1D45A01E000D0880 /* SelfadjointMatrixMatrix_MKL.h */,
				70A26F8D1D45A01E000D0880 /* SelfadjointMatrixVector.h */,
				70A26F8E1D45A01E000D0880 /* SelfadjointMatrixVector_MKL.h */,
				70A26F8F1D45A01E000D0880 /* SelfadjointProduct.h */,
				70A26F901D45A01E000D0880 /* SelfadjointRank2Update.h */,
				70A26F911D45A01E000D0880 /* TriangularMatrixMatrix.h */,
				70A26F921D45A01E000D0880 /* TriangularMatrixMatrix_MKL.h */,
				70A26F931D45A01E000D0880 /* TriangularMatrixVector.h */,
				70A26F941D45A01E000D0880 /* TriangularMatrixVector_MKL.h */,
				70A26F951D45A01E000D0880 /* TriangularSolverMatrix.h */,
				70A26F961D45A01E000D0880 /* TriangularSolverMatrix_MKL.h */,
				70A26F971D45A01E000D0880 /* TriangularSolverVector.h */,
			);
			path = products;
			sourceTree = "<group>";
		};
		70A26FA81D45A01E000D0880 /* util */ = {
			isa = PBXGroup;
			children = (
				70A26FA91D45A01E000D0880 /* BlasUtil.h */,
				70A26FAA1D45A01E000D0880 /* CMakeLists.txt */,
				70A26FAB1D45A01E000D0880 /* Constants.h */,
				70A26FAC1D45A01E000D0880 /* DisableStupidWarnings.h */,
				70A26FAD1D45A01E000D0880 /* ForwardDeclarations.h */,
				70A26FAE1D45A01E000D0880 /* Macros.h */,
				70A26FAF1D45A01E000D0880 /* Memory.h */,
				70A26FB01D45A01E000D0880 /* Meta.h */,
				70A26FB11D45A01E000D0880 /* MKL_support.h */,
				70A26FB21D45A01E000D0880 /* NonMPL2.h */,
				70A26FB31D45A01E000D0880 /* ReenableStupidWarnings.h */,
				70A26FB41D45A01E000D0880 /* StaticAssert.h */,
				70A26FB51D45A01E000D0880 /* XprHelper.h */,
			);
			path = util;
			sourceTree = "<group>";
		};
		70A26FB91D45A01E000D0880 /* Eigen2Support */ = {
			isa = PBXGroup;
			children = (
				70A26FBA1D45A01E000D0880 /* Block.h */,
				70A26FBB1D45A01E000D0880 /* CMakeLists.txt */,
				70A26FBC1D45A01E000D0880 /* Cwise.h */,
				70A26FBD1D45A01E000D0880 /* CwiseOperators.h */,
				70A26FBE1D45A01E000D0880 /* Geometry */,
				70A26FCB1D45A01E000D0880 /* Lazy.h */,
				70A26FCC1D45A01E000D0880 /* LeastSquares.h */,
				70A26FCD1D45A01E000D0880 /* LU.h */,
				70A26FCE1D45A01E000D0880 /* Macros.h */,
				70A26FCF1D45A01E000D0880 /* MathFunctions.h */,
				70A26FD01D45A01E000D0880 /* Memory.h */,
				70A26FD11D45A01E000D0880 /* Meta.h */,
				70A26FD21D45A01E000D0880 /* Minor.h */,
				70A26FD31D45A01E000D0880 /* QR.h */,
				70A26FD41D45A01E000D0880 /* SVD.h */,
				70A26FD51D45A01E000D0880 /* TriangularSolver.h */,
				70A26FD61D45A01E000D0880 /* VectorBlock.h */,
			);
			path = Eigen2Support;
			sourceTree = "<group>";
		};
		70A26FBE1D45A01E000D0880 /* Geometry */ = {
			isa = PBXGroup;
			children = (
				70A26FBF1D45A01E000D0880 /* AlignedBox.h */,
				70A26FC01D45A01E000D0880 /* All.h */,
				70A26FC11D45A01E000D0880 /* AngleAxis.h */,
				70A26FC21D45A01E000D0880 /* CMakeLists.txt */,
				70A26FC31D45A01E000D0880 /* Hyperplane.h */,
				70A26FC41D45A01E000D0880 /* ParametrizedLine.h */,
				70A26FC51D45A01E000D0880 /* Quaternion.h */,
				70A26FC61D45A01E000D0880 /* Rotation2D.h */,
				70A26FC71D45A01E000D0880 /* RotationBase.h */,
				70A26FC81D45A01E000D0880 /* Scaling.h */,
				70A26FC91D45A01E000D0880 /* Transform.h */,
				70A26FCA1D45A01E000D0880 /* Translation.h */,
			);
			path = Geometry;
			sourceTree = "<group>";
		};
		70A26FD71D45A01E000D0880 /* Eigenvalues */ = {
			isa = PBXGroup;
			children = (
				70A26FD81D45A01E000D0880 /* CMakeLists.txt */,
				70A26FD91D45A01E000D0880 /* ComplexEigenSolver.h */,
				70A26FDA1D45A01E000D0880 /* ComplexSchur.h */,
				70A26FDB1D45A01E000D0880 /* ComplexSchur_MKL.h */,
				70A26FDC1D45A01E000D0880 /* EigenSolver.h */,
				70A26FDD1D45A01E000D0880 /* GeneralizedEigenSolver.h */,
				70A26FDE1D45A01E000D0880 /* GeneralizedSelfAdjointEigenSolver.h */,
				70A26FDF1D45A01E000D0880 /* HessenbergDecomposition.h */,
				70A26FE01D45A01E000D0880 /* MatrixBaseEigenvalues.h */,
				70A26FE11D45A01E000D0880 /* RealQZ.h */,
				70A26FE21D45A01E000D0880 /* RealSchur.h */,
				70A26FE31D45A01E000D0880 /* RealSchur_MKL.h */,
				70A26FE41D45A01E000D0880 /* SelfAdjointEigenSolver.h */,
				70A26FE51D45A01E000D0880 /* SelfAdjointEigenSolver_MKL.h */,
				70A26FE61D45A01E000D0880 /* Tridiagonalization.h */,
			);
			path = Eigenvalues;
			sourceTree = "<group>";
		};
		70A26FE71D45A01E000D0880 /* Geometry */ = {
			isa = PBXGroup;
			children = (
				70A26FE81D45A01E000D0880 /* AlignedBox.h */,
				70A26FE91D45A01E000D0880 /* AngleAxis.h */,
				70A26FEA1D45A01E000D0880 /* arch */,
				70A26FED1D45A01E000D0880 /* CMakeLists.txt */,
				70A26FEE1D45A01E000D0880 /* EulerAngles.h */,
				70A26FEF1D45A01E000D0880 /* Homogeneous.h */,
				70A26FF01D45A01E000D0880 /* Hyperplane.h */,
				70A26FF11D45A01E000D0880 /* OrthoMethods.h */,
				70A26FF21D45A01E000D0880 /* ParametrizedLine.h */,
				70A26FF31D45A01E000D0880 /* Quaternion.h */,
				70A26FF41D45A01E000D0880 /* Rotation2D.h */,
				70A26FF51D45A01E000D0880 /* RotationBase.h */,
				70A26FF61D45A01E000D0880 /* Scaling.h */,
				70A26FF71D45A01E000D0880 /* Transform.h */,
				70A26FF81D45A01E000D0880 /* Translation.h */,
				70A26FF91D45A01E000D0880 /* Umeyama.h */,
			);
			path = Geometry;
			sourceTree = "<group>";
		};
		70A26FEA1D45A01E000D0880 /* arch */ = {
			isa = PBXGroup;
			children = (
				70A26FEB1D45A01E000D0880 /* CMakeLists.txt */,
				70A26FEC1D45A01E000D0880 /* Geometry_SSE.h */,
			);
			path = arch;
			sourceTree = "<group>";
		};
		70A26FFA1D45A01E000D0880 /* Householder */ = {
			isa = PBXGroup;
			children = (
				70A26FFB1D45A01E000D0880 /* BlockHouseholder.h */,
				70A26FFC1D45A01E000D0880 /* CMakeLists.txt */,
				70A26FFD1D45A01E000D0880 /* Householder.h */,
				70A26FFE1D45A01E000D0880 /* HouseholderSequence.h */,
			);
			path = Householder;
			sourceTree = "<group>";
		};
		70A26FFF1D45A01E000D0880 /* IterativeLinearSolvers */ = {
			isa = PBXGroup;
			children = (
				70A270001D45A01E000D0880 /* BasicPreconditioners.h */,
				70A270011D45A01E000D0880 /* BiCGSTAB.h */,
				70A270021D45A01E000D0880 /* CMakeLists.txt */,
				70A270031D45A01E000D0880 /* ConjugateGradient.h */,
				70A270041D45A01E000D0880 /* IncompleteLUT.h */,
				70A270051D45A01E000D0880 /* IterativeSolverBase.h */,
			);
			path = IterativeLinearSolvers;
			sourceTree = "<group>";
		};
		70A270061D45A01E000D0880 /* Jacobi */ = {
			isa = PBXGroup;
			children = (
				70A270071D45A01E000D0880 /* CMakeLists.txt */,
				70A270081D45A01E000D0880 /* Jacobi.h */,
			);
			path = Jacobi;
			sourceTree = "<group>";
		};
		70A270091D45A01E000D0880 /* LU */ = {
			isa = PBXGroup;
			children = (
				70A2700A1D45A01E000D0880 /* arch */,
				70A2700D1D45A01E000D0880 /* CMakeLists.txt */,
				70A2700E1D45A01E000D0880 /* Determinant.h */,
				70A2700F1D45A01E000D0880 /* FullPivLU.h */,
				70A270101D45A01E000D0880 /* Inverse.h */,
				70A270111D45A01E000D0880 /* PartialPivLU.h */,
				70A270121D45A01E000D0880 /* PartialPivLU_MKL.h */,
			);
			path = LU;
			sourceTree = "<group>";
		};
		70A2700A1D45A01E000D0880 /* arch */ = {
			isa = PBXGroup;
			children = (
				70A2700B1D45A01E000D0880 /* CMakeLists.txt */,
				70A2700C1D45A01E000D0880 /* Inverse_SSE.h */,
			);
			path = arch;
			sourceTree = "<group>";
		};
		70A270131D45A01E000D0880 /* MetisSupport */ = {
			isa = PBXGroup;
			children = (
				70A270141D45A01E000D0880 /* CMakeLists.txt */,
				70A270151D45A01E000D0880 /* MetisSupport.h */,
			);
			path = MetisSupport;
			sourceTree = "<group>";
		};
		70A270161D45A01E000D0880 /* misc */ = {
			isa = PBXGroup;
			children = (
				70A270171D45A01E000D0880 /* blas.h */,
				70A270181D45A01E000D0880 /* CMakeLists.txt */,
				70A270191D45A01E000D0880 /* Image.h */,
				70A2701A1D45A01E000D0880 /* Kernel.h */,
				70A2701B1D45A01E000D0880 /* Solve.h */,
				70A2701C1D45A01E000D0880 /* SparseSolve.h */,
			);
			path = misc;
			sourceTree = "<group>";
		};
		70A2701D1D45A01E000D0880 /* OrderingMethods */ = {
			isa = PBXGroup;
			children = (
				70A2701E1D45A01E000D0880 /* Amd.h */,
				70A2701F1D45A01E000D0880 /* CMakeLists.txt */,
				70A270201D45A01E000D0880 /* Eigen_Colamd.h */,
				70A270211D45A01E000D0880 /* Ordering.h */,
			);
			path = OrderingMethods;
			sourceTree = "<group>";
		};
		70A270221D45A01E000D0880 /* PardisoSupport */ = {
			isa = PBXGroup;
			children = (
				70A270231D45A01E000D0880 /* CMakeLists.txt */,
				70A270241D45A01E000D0880 /* PardisoSupport.h */,
			);
			path = PardisoSupport;
			sourceTree = "<group>";
		};
		70A270251D45A01E000D0880 /* PaStiXSupport */ = {
			isa = PBXGroup;
			children = (
				70A270261D45A01E000D0880 /* CMakeLists.txt */,
				70A270271D45A01E000D0880 /* PaStiXSupport.h */,
			);
			path = PaStiXSupport;
			sourceTree = "<group>";
		};
		70A270281D45A01E000D0880 /* plugins */ = {
			isa = PBXGroup;
			children = (
				70A270291D45A01F000D0880 /* ArrayCwiseBinaryOps.h */,
				70A2702A1D45A01F000D0880 /* ArrayCwiseUnaryOps.h */,
				70A2702B1D45A01F000D0880 /* BlockMethods.h */,
				70A2702C1D45A01F000D0880 /* CMakeLists.txt */,
				70A2702D1D45A01F000D0880 /* CommonCwiseBinaryOps.h */,
				70A2702E1D45A01F000D0880 /* CommonCwiseUnaryOps.h */,
				70A2702F1D45A01F000D0880 /* MatrixCwiseBinaryOps.h */,
				70A270301D45A01F000D0880 /* MatrixCwiseUnaryOps.h */,
			);
			path = plugins;
			sourceTree = "<group>";
		};
		70A270311D45A01F000D0880 /* QR */ = {
			isa = PBXGroup;
			children = (
				70A270321D45A01F000D0880 /* CMakeLists.txt */,
				70A270331D45A01F000D0880 /* ColPivHouseholderQR.h */,
				70A270341D45A01F000D0880 /* ColPivHouseholderQR_MKL.h */,
				70A270351D45A01F000D0880 /* FullPivHouseholderQR.h */,
				70A270361D45A01F000D0880 /* HouseholderQR.h */,
				70A270371D45A01F000D0880 /* HouseholderQR_MKL.h */,
			);
			path = QR;
			sourceTree = "<group>";
		};
		70A270381D45A01F000D0880 /* SparseCholesky */ = {
			isa = PBXGroup;
			children = (
				70A270391D45A01F000D0880 /* CMakeLists.txt */,
				70A2703A1D45A01F000D0880 /* SimplicialCholesky.h */,
				70A2703B1D45A01F000D0880 /* SimplicialCholesky_impl.h */,
			);
			path = SparseCholesky;
			sourceTree = "<group>";
		};
		70A2703C1D45A01F000D0880 /* SparseCore */ = {
			isa = PBXGroup;
			children = (
				70A2703D1D45A01F000D0880 /* AmbiVector.h */,
				70A2703E1D45A01F000D0880 /* CMakeLists.txt */,
				70A2703F1D45A01F000D0880 /* CompressedStorage.h */,
				70A270401D45A01F000D0880 /* ConservativeSparseSparseProduct.h */,
				70A270411D45A01F000D0880 /* MappedSparseMatrix.h */,
				70A270421D45A01F000D0880 /* SparseBlock.h */,
				70A270431D45A01F000D0880 /* SparseColEtree.h */,
				70A270441D45A01F000D0880 /* SparseCwiseBinaryOp.h */,
				70A270451D45A01F000D0880 /* SparseCwiseUnaryOp.h */,
				70A270461D45A01F000D0880 /* SparseDenseProduct.h */,
				70A270471D45A01F000D0880 /* SparseDiagonalProduct.h */,
				70A270481D45A01F000D0880 /* SparseDot.h */,
				70A270491D45A01F000D0880 /* SparseFuzzy.h */,
				70A2704A1D45A01F000D0880 /* SparseMatrix.h */,
				70A2704B1D45A01F000D0880 /* SparseMatrixBase.h */,
				70A2704C1D45A01F000D0880 /* SparsePermutation.h */,
				70A2704D1D45A01F000D0880 /* SparseProduct.h */,
				70A2704E1D45A01F000D0880 /* SparseRedux.h */,
				70A2704F1D45A01F000D0880 /* SparseSelfAdjointView.h */,
				70A270501D45A01F000D0880 /* SparseSparseProductWithPruning.h */,
				70A270511D45A01F000D0880 /* SparseTranspose.h */,
				70A270521D45A01F000D0880 /* SparseTriangularView.h */,
				70A270531D45A01F000D0880 /* SparseUtil.h */,
				70A270541D45A01F000D0880 /* SparseVector.h */,
				70A270551D45A01F000D0880 /* SparseView.h */,
				70A270561D45A01F000D0880 /* TriangularSolver.h */,
			);
			path = SparseCore;
			sourceTree = "<group>";
		};
		70A270571D45A01F000D0880 /* SparseLU */ = {
			isa = PBXGroup;
			children = (
				70A270581D45A01F000D0880 /* CMakeLists.txt */,
				70A270591D45A01F000D0880 /* SparseLU.h */,
				70A2705A1D45A01F000D0880 /* SparseLU_column_bmod.h */,
				70A2705B1D45A01F000D0880 /* SparseLU_column_dfs.h */,
				70A2705C1D45A01F000D0880 /* SparseLU_copy_to_ucol.h */,
				70A2705D1D45A01F000D0880 /* SparseLU_gemm_kernel.h */,
				70A2705E1D45A01F000D0880 /* SparseLU_heap_relax_snode.h */,
				70A2705F1D45A01F000D0880 /* SparseLU_kernel_bmod.h */,
				70A270601D45A01F000D0880 /* SparseLU_Memory.h */,
				70A270611D45A01F000D0880 /* SparseLU_panel_bmod.h */,
				70A270621D45A01F000D0880 /* SparseLU_panel_dfs.h */,
				70A270631D45A01F000D0880 /* SparseLU_pivotL.h */,
				70A270641D45A01F000D0880 /* SparseLU_pruneL.h */,
				70A270651D45A01F000D0880 /* SparseLU_relax_snode.h */,
				70A270661D45A01F000D0880 /* SparseLU_Structs.h */,
				70A270671D45A01F000D0880 /* SparseLU_SupernodalMatrix.h */,
				70A270681D45A01F000D0880 /* SparseLU_Utils.h */,
				70A270691D45A01F000D0880 /* SparseLUImpl.h */,
			);
			path = SparseLU;
			sourceTree = "<group>";
		};
		70A2706A1D45A01F000D0880 /* SparseQR */ = {
			isa = PBXGroup;
			children = (
				70A2706B1D45A01F000D0880 /* CMakeLists.txt */,
				70A2706C1D45A01F000D0880 /* SparseQR.h */,
			);
			path = SparseQR;
			sourceTree = "<group>";
		};
		70A2706D1D45A01F000D0880 /* SPQRSupport */ = {
			isa = PBXGroup;
			children = (
				70A2706E1D45A01F000D0880 /* CMakeLists.txt */,
				70A2706F1D45A01F000D0880 /* SuiteSparseQRSupport.h */,
			);
			path = SPQRSupport;
			sourceTree = "<group>";
		};
		70A270701D45A01F000D0880 /* StlSupport */ = {
			isa = PBXGroup;
			children = (
				70A270711D45A01F000D0880 /* CMakeLists.txt */,
				70A270721D45A01F000D0880 /* details.h */,
				70A270731D45A01F000D0880 /* StdDeque.h */,
				70A270741D45A01F000D0880 /* StdList.h */,
				70A270751D45A01F000D0880 /* StdVector.h */,
			);
			path = StlSupport;
			sourceTree = "<group>";
		};
		70A270761D45A01F000D0880 /* SuperLUSupport */ = {
			isa = PBXGroup;
			children = (
				70A270771D45A01F000D0880 /* CMakeLists.txt */,
				70A270781D45A01F000D0880 /* SuperLUSupport.h */,
			);
			path = SuperLUSupport;
			sourceTree = "<group>";
		};
		70A270791D45A01F000D0880 /* SVD */ = {
			isa = PBXGroup;
			children = (
				70A2707A1D45A01F000D0880 /* CMakeLists.txt */,
				70A2707B1D45A01F000D0880 /* JacobiSVD.h */,
				70A2707C1D45A01F000D0880 /* JacobiSVD_MKL.h */,
				70A2707D1D45A01F000D0880 /* UpperBidiagonalization.h */,
			);
			path = SVD;
			sourceTree = "<group>";
		};
		70A2707E1D45A01F000D0880 /* UmfPackSupport */ = {
			isa = PBXGroup;
			children = (
				70A2707F1D45A01F000D0880 /* CMakeLists.txt */,
				70A270801D45A01F000D0880 /* UmfPackSupport.h */,
			);
			path = UmfPackSupport;
			sourceTree = "<group>";
		};
/* End PBXGroup section */

/* Begin PBXNativeTarget section */
		70A26F061D459DD1000D0880 /* face1 */ = {
			isa = PBXNativeTarget;
			buildConfigurationList = 70A26F0E1D459DD1000D0880 /* Build configuration list for PBXNativeTarget "face1" */;
			buildPhases = (
				70A26F031D459DD1000D0880 /* Sources */,
				70A26F041D459DD1000D0880 /* Frameworks */,
				70A26F051D459DD1000D0880 /* CopyFiles */,
			);
			buildRules = (
			);
			dependencies = (
			);
			name = face1;
			productName = face1;
			productReference = 70A26F071D459DD1000D0880 /* face1 */;
			productType = "com.apple.product-type.tool";
		};
/* End PBXNativeTarget section */

/* Begin PBXProject section */
		70A26EFF1D459DD1000D0880 /* Project object */ = {
			isa = PBXProject;
			attributes = {
				LastUpgradeCheck = 0610;
				ORGANIZATIONNAME = xyz;
				TargetAttributes = {
					70A26F061D459DD1000D0880 = {
						CreatedOnToolsVersion = 6.1.1;
					};
				};
			};
			buildConfigurationList = 70A26F021D459DD1000D0880 /* Build configuration list for PBXProject "face1" */;
			compatibilityVersion = "Xcode 3.2";
			developmentRegion = English;
			hasScannedForEncodings = 0;
			knownRegions = (
				en,
			);
			mainGroup = 70A26EFE1D459DD1000D0880;
			productRefGroup = 70A26F081D459DD1000D0880 /* Products */;
			projectDirPath = "";
			projectRoot = "";
			targets = (
				70A26F061D459DD1000D0880 /* face1 */,
			);
		};
/* End PBXProject section */

/* Begin PBXSourcesBuildPhase section */
		70A26F031D459DD1000D0880 /* Sources */ = {
			isa = PBXSourcesBuildPhase;
			buildActionMask = 2147483647;
			files = (
				70A2708F1D45ECF0000D0880 /* main.cpp in Sources */,
				70A270951D46553D000D0880 /* SVGWrap.cpp in Sources */,
				70A26F191D459ECE000D0880 /* Morphing.cpp in Sources */,
				70A2708E1D45EA0C000D0880 /* FiltUtil.cpp in Sources */,
				70A270921D45EF7D000D0880 /* DataProc.cpp in Sources */,
				70A26F161D459EBF000D0880 /* Triangular.cpp in Sources */,
				70A2708B1D45A680000D0880 /* DrawUtil.cpp in Sources */,
				70A26F131D459EA9000D0880 /* AffineTransform.cpp in Sources */,
				70A26F1C1D459EE5000D0880 /* BezierUtil.cpp in Sources */,
			);
			runOnlyForDeploymentPostprocessing = 0;
		};
/* End PBXSourcesBuildPhase section */

/* Begin XCBuildConfiguration section */
		70A26F0C1D459DD1000D0880 /* Debug */ = {
			isa = XCBuildConfiguration;
			buildSettings = {
				ALWAYS_SEARCH_USER_PATHS = NO;
				CLANG_CXX_LANGUAGE_STANDARD = "gnu++0x";
				CLANG_CXX_LIBRARY = "libc++";
				CLANG_ENABLE_MODULES = YES;
				CLANG_ENABLE_OBJC_ARC = YES;
				CLANG_WARN_BOOL_CONVERSION = YES;
				CLANG_WARN_CONSTANT_CONVERSION = YES;
				CLANG_WARN_DIRECT_OBJC_ISA_USAGE = YES_ERROR;
				CLANG_WARN_EMPTY_BODY = YES;
				CLANG_WARN_ENUM_CONVERSION = YES;
				CLANG_WARN_INT_CONVERSION = YES;
				CLANG_WARN_OBJC_ROOT_CLASS = YES_ERROR;
				CLANG_WARN_UNREACHABLE_CODE = YES;
				CLANG_WARN__DUPLICATE_METHOD_MATCH = YES;
				COPY_PHASE_STRIP = NO;
				ENABLE_STRICT_OBJC_MSGSEND = YES;
				GCC_C_LANGUAGE_STANDARD = gnu99;
				GCC_DYNAMIC_NO_PIC = NO;
				GCC_OPTIMIZATION_LEVEL = 0;
				GCC_PREPROCESSOR_DEFINITIONS = (
					"DEBUG=1",
					"$(inherited)",
				);
				GCC_SYMBOLS_PRIVATE_EXTERN = NO;
				GCC_WARN_64_TO_32_BIT_CONVERSION = YES;
				GCC_WARN_ABOUT_RETURN_TYPE = YES_ERROR;
				GCC_WARN_UNDECLARED_SELECTOR = YES;
				GCC_WARN_UNINITIALIZED_AUTOS = YES_AGGRESSIVE;
				GCC_WARN_UNUSED_FUNCTION = YES;
				GCC_WARN_UNUSED_VARIABLE = YES;
				MACOSX_DEPLOYMENT_TARGET = 10.10;
				MTL_ENABLE_DEBUG_INFO = YES;
				ONLY_ACTIVE_ARCH = YES;
				SDKROOT = macosx;
			};
			name = Debug;
		};
		70A26F0D1D459DD1000D0880 /* Release */ = {
			isa = XCBuildConfiguration;
			buildSettings = {
				ALWAYS_SEARCH_USER_PATHS = NO;
				CLANG_CXX_LANGUAGE_STANDARD = "gnu++0x";
				CLANG_CXX_LIBRARY = "libc++";
				CLANG_ENABLE_MODULES = YES;
				CLANG_ENABLE_OBJC_ARC = YES;
				CLANG_WARN_BOOL_CONVERSION = YES;
				CLANG_WARN_CONSTANT_CONVERSION = YES;
				CLANG_WARN_DIRECT_OBJC_ISA_USAGE = YES_ERROR;
				CLANG_WARN_EMPTY_BODY = YES;
				CLANG_WARN_ENUM_CONVERSION = YES;
				CLANG_WARN_INT_CONVERSION = YES;
				CLANG_WARN_OBJC_ROOT_CLASS = YES_ERROR;
				CLANG_WARN_UNREACHABLE_CODE = YES;
				CLANG_WARN__DUPLICATE_METHOD_MATCH = YES;
				COPY_PHASE_STRIP = YES;
				DEBUG_INFORMATION_FORMAT = "dwarf-with-dsym";
				ENABLE_NS_ASSERTIONS = NO;
				ENABLE_STRICT_OBJC_MSGSEND = YES;
				GCC_C_LANGUAGE_STANDARD = gnu99;
				GCC_WARN_64_TO_32_BIT_CONVERSION = YES;
				GCC_WARN_ABOUT_RETURN_TYPE = YES_ERROR;
				GCC_WARN_UNDECLARED_SELECTOR = YES;
				GCC_WARN_UNINITIALIZED_AUTOS = YES_AGGRESSIVE;
				GCC_WARN_UNUSED_FUNCTION = YES;
				GCC_WARN_UNUSED_VARIABLE = YES;
				MACOSX_DEPLOYMENT_TARGET = 10.10;
				MTL_ENABLE_DEBUG_INFO = NO;
				SDKROOT = macosx;
			};
			name = Release;
		};
		70A26F0F1D459DD1000D0880 /* Debug */ = {
			isa = XCBuildConfiguration;
			buildSettings = {
				HEADER_SEARCH_PATHS = (
					"$(inherited)",
					/Applications/Xcode.app/Contents/Developer/Toolchains/XcodeDefault.xctoolchain/usr/include,
					/usr/local/include,
				);
				LIBRARY_SEARCH_PATHS = /usr/local/lib;
				OTHER_LDFLAGS = (
					"-lopencv_imgproc",
					"-lopencv_highgui",
					"-lopencv_core",
				);
				PRODUCT_NAME = "$(TARGET_NAME)";
			};
			name = Debug;
		};
		70A26F101D459DD1000D0880 /* Release */ = {
			isa = XCBuildConfiguration;
			buildSettings = {
				HEADER_SEARCH_PATHS = (
					"$(inherited)",
					/Applications/Xcode.app/Contents/Developer/Toolchains/XcodeDefault.xctoolchain/usr/include,
					/usr/local/include,
				);
				LIBRARY_SEARCH_PATHS = /usr/local/lib;
				OTHER_LDFLAGS = (
					"-lopencv_imgproc",
					"-lopencv_highgui",
					"-lopencv_core",
				);
				PRODUCT_NAME = "$(TARGET_NAME)";
			};
			name = Release;
		};
/* End XCBuildConfiguration section */

/* Begin XCConfigurationList section */
		70A26F021D459DD1000D0880 /* Build configuration list for PBXProject "face1" */ = {
			isa = XCConfigurationList;
			buildConfigurations = (
				70A26F0C1D459DD1000D0880 /* Debug */,
				70A26F0D1D459DD1000D0880 /* Release */,
			);
			defaultConfigurationIsVisible = 0;
			defaultConfigurationName = Release;
		};
		70A26F0E1D459DD1000D0880 /* Build configuration list for PBXNativeTarget "face1" */ = {
			isa = XCConfigurationList;
			buildConfigurations = (
				70A26F0F1D459DD1000D0880 /* Debug */,
				70A26F101D459DD1000D0880 /* Release */,
			);
			defaultConfigurationIsVisible = 0;
		};
/* End XCConfigurationList section */
	};
	rootObject = 70A26EFF1D459DD1000D0880 /* Project object */;
}
